// !$*UTF8*$!
{
	archiveVersion = 1;
	classes = {
	};
	objectVersion = 55;
	objects = {

/* Begin PBXBuildFile section */
		397064C328BEB47800F9E6C9 /* AppDelegate.swift in Sources */ = {isa = PBXBuildFile; fileRef = 397064C228BEB47800F9E6C9 /* AppDelegate.swift */; };
		397064C528BEB47800F9E6C9 /* SceneDelegate.swift in Sources */ = {isa = PBXBuildFile; fileRef = 397064C428BEB47800F9E6C9 /* SceneDelegate.swift */; };
		397064C828BEB47800F9E6C9 /* LaunchScreen.storyboard in Resources */ = {isa = PBXBuildFile; fileRef = 397064C628BEB47800F9E6C9 /* LaunchScreen.storyboard */; };
		397064CB28BEB47800F9E6C9 /* Main.storyboard in Resources */ = {isa = PBXBuildFile; fileRef = 397064C928BEB47800F9E6C9 /* Main.storyboard */; };
		397064D428BEB47800F9E6C9 /* AppDelegate.swift in Sources */ = {isa = PBXBuildFile; fileRef = 397064D328BEB47800F9E6C9 /* AppDelegate.swift */; };
		397064D728BEB47800F9E6C9 /* Main.storyboard in Resources */ = {isa = PBXBuildFile; fileRef = 397064D528BEB47800F9E6C9 /* Main.storyboard */; };
		397064DF28BEB47800F9E6C9 /* Browser Extension Explorer Extension.appex in Embed App Extensions */ = {isa = PBXBuildFile; fileRef = 397064DE28BEB47800F9E6C9 /* Browser Extension Explorer Extension.appex */; settings = {ATTRIBUTES = (RemoveHeadersOnCopy, ); }; };
		397064E928BEB47800F9E6C9 /* Browser Extension Explorer Extension.appex in Embed App Extensions */ = {isa = PBXBuildFile; fileRef = 397064E828BEB47800F9E6C9 /* Browser Extension Explorer Extension.appex */; settings = {ATTRIBUTES = (RemoveHeadersOnCopy, ); }; };
		397064EF28BEB47800F9E6C9 /* Main.html in Resources */ = {isa = PBXBuildFile; fileRef = 397064B228BEB47700F9E6C9 /* Main.html */; };
		397064F028BEB47800F9E6C9 /* Main.html in Resources */ = {isa = PBXBuildFile; fileRef = 397064B228BEB47700F9E6C9 /* Main.html */; };
		397064F128BEB47800F9E6C9 /* Icon.png in Resources */ = {isa = PBXBuildFile; fileRef = 397064B428BEB47700F9E6C9 /* Icon.png */; };
		397064F228BEB47800F9E6C9 /* Icon.png in Resources */ = {isa = PBXBuildFile; fileRef = 397064B428BEB47700F9E6C9 /* Icon.png */; };
		397064F328BEB47800F9E6C9 /* Style.css in Resources */ = {isa = PBXBuildFile; fileRef = 397064B528BEB47700F9E6C9 /* Style.css */; };
		397064F428BEB47800F9E6C9 /* Style.css in Resources */ = {isa = PBXBuildFile; fileRef = 397064B528BEB47700F9E6C9 /* Style.css */; };
		397064F528BEB47800F9E6C9 /* Script.js in Resources */ = {isa = PBXBuildFile; fileRef = 397064B628BEB47700F9E6C9 /* Script.js */; };
		397064F628BEB47800F9E6C9 /* Script.js in Resources */ = {isa = PBXBuildFile; fileRef = 397064B628BEB47700F9E6C9 /* Script.js */; };
		397064F728BEB47800F9E6C9 /* ViewController.swift in Sources */ = {isa = PBXBuildFile; fileRef = 397064B728BEB47700F9E6C9 /* ViewController.swift */; };
		397064F828BEB47800F9E6C9 /* ViewController.swift in Sources */ = {isa = PBXBuildFile; fileRef = 397064B728BEB47700F9E6C9 /* ViewController.swift */; };
		397064F928BEB47800F9E6C9 /* Assets.xcassets in Resources */ = {isa = PBXBuildFile; fileRef = 397064B828BEB47800F9E6C9 /* Assets.xcassets */; };
		397064FA28BEB47800F9E6C9 /* Assets.xcassets in Resources */ = {isa = PBXBuildFile; fileRef = 397064B828BEB47800F9E6C9 /* Assets.xcassets */; };
		397064FB28BEB47800F9E6C9 /* SafariWebExtensionHandler.swift in Sources */ = {isa = PBXBuildFile; fileRef = 397064BA28BEB47800F9E6C9 /* SafariWebExtensionHandler.swift */; };
		397064FC28BEB47800F9E6C9 /* SafariWebExtensionHandler.swift in Sources */ = {isa = PBXBuildFile; fileRef = 397064BA28BEB47800F9E6C9 /* SafariWebExtensionHandler.swift */; };
		3970652328BEB47900F9E6C9 /* releases in Resources */ = {isa = PBXBuildFile; fileRef = 3970650F28BEB47800F9E6C9 /* releases */; };
		3970652428BEB47900F9E6C9 /* LICENSE in Resources */ = {isa = PBXBuildFile; fileRef = 3970651028BEB47800F9E6C9 /* LICENSE */; };
		3970652528BEB47900F9E6C9 /* background.js in Resources */ = {isa = PBXBuildFile; fileRef = 3970651128BEB47800F9E6C9 /* background.js */; };
		3970652628BEB47900F9E6C9 /* mvx in Resources */ = {isa = PBXBuildFile; fileRef = 3970651228BEB47900F9E6C9 /* mvx */; };
		3970652728BEB47900F9E6C9 /* generate-component.sh in Resources */ = {isa = PBXBuildFile; fileRef = 3970651328BEB47900F9E6C9 /* generate-component.sh */; };
		3970652828BEB47900F9E6C9 /* _metadata in Resources */ = {isa = PBXBuildFile; fileRef = 3970651428BEB47900F9E6C9 /* _metadata */; };
		3970652928BEB47900F9E6C9 /* README.md in Resources */ = {isa = PBXBuildFile; fileRef = 3970651528BEB47900F9E6C9 /* README.md */; };
		3970652A28BEB47900F9E6C9 /* styles in Resources */ = {isa = PBXBuildFile; fileRef = 3970651628BEB47900F9E6C9 /* styles */; };
		3970652B28BEB47900F9E6C9 /* generate-mvx.sh in Resources */ = {isa = PBXBuildFile; fileRef = 3970651728BEB47900F9E6C9 /* generate-mvx.sh */; };
		3970652C28BEB47900F9E6C9 /* components in Resources */ = {isa = PBXBuildFile; fileRef = 3970651828BEB47900F9E6C9 /* components */; };
		3970652D28BEB47900F9E6C9 /* icons in Resources */ = {isa = PBXBuildFile; fileRef = 3970651928BEB47900F9E6C9 /* icons */; };
		3970652E28BEB47900F9E6C9 /* scripts in Resources */ = {isa = PBXBuildFile; fileRef = 3970651A28BEB47900F9E6C9 /* scripts */; };
		3970652F28BEB47900F9E6C9 /* manifest.json in Resources */ = {isa = PBXBuildFile; fileRef = 3970651B28BEB47900F9E6C9 /* manifest.json */; };
		3970653028BEB47900F9E6C9 /* _locales in Resources */ = {isa = PBXBuildFile; fileRef = 3970651C28BEB47900F9E6C9 /* _locales */; };
		3970653128BEB47900F9E6C9 /* pages.js in Resources */ = {isa = PBXBuildFile; fileRef = 3970651D28BEB47900F9E6C9 /* pages.js */; };
		3970653228BEB47900F9E6C9 /* rulesets in Resources */ = {isa = PBXBuildFile; fileRef = 3970651E28BEB47900F9E6C9 /* rulesets */; };
		3970653328BEB47900F9E6C9 /* manifests in Resources */ = {isa = PBXBuildFile; fileRef = 3970651F28BEB47900F9E6C9 /* manifests */; };
		3970653428BEB47900F9E6C9 /* build-release.sh in Resources */ = {isa = PBXBuildFile; fileRef = 3970652028BEB47900F9E6C9 /* build-release.sh */; };
		3970653528BEB47900F9E6C9 /* promo in Resources */ = {isa = PBXBuildFile; fileRef = 3970652128BEB47900F9E6C9 /* promo */; };
		3970653628BEB47900F9E6C9 /* Browser Extension Explorer in Resources */ = {isa = PBXBuildFile; fileRef = 3970650E28BEB47800F9E6C9 /* Browser Extension Explorer */; };
		3970653728BEB47900F9E6C9 /* releases in Resources */ = {isa = PBXBuildFile; fileRef = 3970650F28BEB47800F9E6C9 /* releases */; };
		3970653828BEB47900F9E6C9 /* LICENSE in Resources */ = {isa = PBXBuildFile; fileRef = 3970651028BEB47800F9E6C9 /* LICENSE */; };
		3970653928BEB47900F9E6C9 /* background.js in Resources */ = {isa = PBXBuildFile; fileRef = 3970651128BEB47800F9E6C9 /* background.js */; };
		3970653A28BEB47900F9E6C9 /* mvx in Resources */ = {isa = PBXBuildFile; fileRef = 3970651228BEB47900F9E6C9 /* mvx */; };
		3970653B28BEB47900F9E6C9 /* generate-component.sh in Resources */ = {isa = PBXBuildFile; fileRef = 3970651328BEB47900F9E6C9 /* generate-component.sh */; };
		3970653C28BEB47900F9E6C9 /* _metadata in Resources */ = {isa = PBXBuildFile; fileRef = 3970651428BEB47900F9E6C9 /* _metadata */; };
		3970653D28BEB47900F9E6C9 /* README.md in Resources */ = {isa = PBXBuildFile; fileRef = 3970651528BEB47900F9E6C9 /* README.md */; };
		3970653E28BEB47900F9E6C9 /* styles in Resources */ = {isa = PBXBuildFile; fileRef = 3970651628BEB47900F9E6C9 /* styles */; };
		3970653F28BEB47900F9E6C9 /* generate-mvx.sh in Resources */ = {isa = PBXBuildFile; fileRef = 3970651728BEB47900F9E6C9 /* generate-mvx.sh */; };
		3970654028BEB47900F9E6C9 /* components in Resources */ = {isa = PBXBuildFile; fileRef = 3970651828BEB47900F9E6C9 /* components */; };
		3970654128BEB47900F9E6C9 /* icons in Resources */ = {isa = PBXBuildFile; fileRef = 3970651928BEB47900F9E6C9 /* icons */; };
		3970654228BEB47900F9E6C9 /* scripts in Resources */ = {isa = PBXBuildFile; fileRef = 3970651A28BEB47900F9E6C9 /* scripts */; };
		3970654328BEB47900F9E6C9 /* manifest.json in Resources */ = {isa = PBXBuildFile; fileRef = 3970651B28BEB47900F9E6C9 /* manifest.json */; };
		3970654428BEB47900F9E6C9 /* _locales in Resources */ = {isa = PBXBuildFile; fileRef = 3970651C28BEB47900F9E6C9 /* _locales */; };
		3970654528BEB47900F9E6C9 /* pages.js in Resources */ = {isa = PBXBuildFile; fileRef = 3970651D28BEB47900F9E6C9 /* pages.js */; };
		3970654628BEB47900F9E6C9 /* rulesets in Resources */ = {isa = PBXBuildFile; fileRef = 3970651E28BEB47900F9E6C9 /* rulesets */; };
		3970654728BEB47900F9E6C9 /* manifests in Resources */ = {isa = PBXBuildFile; fileRef = 3970651F28BEB47900F9E6C9 /* manifests */; };
		3970654828BEB47900F9E6C9 /* build-release.sh in Resources */ = {isa = PBXBuildFile; fileRef = 3970652028BEB47900F9E6C9 /* build-release.sh */; };
		3970654928BEB47900F9E6C9 /* promo in Resources */ = {isa = PBXBuildFile; fileRef = 3970652128BEB47900F9E6C9 /* promo */; };
/* End PBXBuildFile section */

/* Begin PBXContainerItemProxy section */
		397064E028BEB47800F9E6C9 /* PBXContainerItemProxy */ = {
			isa = PBXContainerItemProxy;
			containerPortal = 397064AC28BEB47700F9E6C9 /* Project object */;
			proxyType = 1;
			remoteGlobalIDString = 397064DD28BEB47800F9E6C9;
			remoteInfo = "Browser Extension Explorer Extension (iOS)";
		};
		397064EA28BEB47800F9E6C9 /* PBXContainerItemProxy */ = {
			isa = PBXContainerItemProxy;
			containerPortal = 397064AC28BEB47700F9E6C9 /* Project object */;
			proxyType = 1;
			remoteGlobalIDString = 397064E728BEB47800F9E6C9;
			remoteInfo = "Browser Extension Explorer Extension (macOS)";
		};
/* End PBXContainerItemProxy section */

/* Begin PBXCopyFilesBuildPhase section */
		3970650228BEB47800F9E6C9 /* Embed App Extensions */ = {
			isa = PBXCopyFilesBuildPhase;
			buildActionMask = 2147483647;
			dstPath = "";
			dstSubfolderSpec = 13;
			files = (
				397064DF28BEB47800F9E6C9 /* Browser Extension Explorer Extension.appex in Embed App Extensions */,
			);
			name = "Embed App Extensions";
			runOnlyForDeploymentPostprocessing = 0;
		};
		3970650928BEB47800F9E6C9 /* Embed App Extensions */ = {
			isa = PBXCopyFilesBuildPhase;
			buildActionMask = 2147483647;
			dstPath = "";
			dstSubfolderSpec = 13;
			files = (
				397064E928BEB47800F9E6C9 /* Browser Extension Explorer Extension.appex in Embed App Extensions */,
			);
			name = "Embed App Extensions";
			runOnlyForDeploymentPostprocessing = 0;
		};
/* End PBXCopyFilesBuildPhase section */

/* Begin PBXFileReference section */
		397064B328BEB47700F9E6C9 /* Base */ = {isa = PBXFileReference; lastKnownFileType = text.html; name = Base; path = ../Base.lproj/Main.html; sourceTree = "<group>"; };
		397064B428BEB47700F9E6C9 /* Icon.png */ = {isa = PBXFileReference; lastKnownFileType = image.png; path = Icon.png; sourceTree = "<group>"; };
		397064B528BEB47700F9E6C9 /* Style.css */ = {isa = PBXFileReference; lastKnownFileType = text.css; path = Style.css; sourceTree = "<group>"; };
		397064B628BEB47700F9E6C9 /* Script.js */ = {isa = PBXFileReference; lastKnownFileType = sourcecode.javascript; path = Script.js; sourceTree = "<group>"; };
		397064B728BEB47700F9E6C9 /* ViewController.swift */ = {isa = PBXFileReference; lastKnownFileType = sourcecode.swift; path = ViewController.swift; sourceTree = "<group>"; };
		397064B828BEB47800F9E6C9 /* Assets.xcassets */ = {isa = PBXFileReference; lastKnownFileType = folder.assetcatalog; path = Assets.xcassets; sourceTree = "<group>"; };
		397064BA28BEB47800F9E6C9 /* SafariWebExtensionHandler.swift */ = {isa = PBXFileReference; lastKnownFileType = sourcecode.swift; path = SafariWebExtensionHandler.swift; sourceTree = "<group>"; };
		397064BF28BEB47800F9E6C9 /* Browser Extension Explorer.app */ = {isa = PBXFileReference; explicitFileType = wrapper.application; includeInIndex = 0; path = "Browser Extension Explorer.app"; sourceTree = BUILT_PRODUCTS_DIR; };
		397064C228BEB47800F9E6C9 /* AppDelegate.swift */ = {isa = PBXFileReference; lastKnownFileType = sourcecode.swift; path = AppDelegate.swift; sourceTree = "<group>"; };
		397064C428BEB47800F9E6C9 /* SceneDelegate.swift */ = {isa = PBXFileReference; lastKnownFileType = sourcecode.swift; path = SceneDelegate.swift; sourceTree = "<group>"; };
		397064C728BEB47800F9E6C9 /* Base */ = {isa = PBXFileReference; lastKnownFileType = file.storyboard; name = Base; path = Base.lproj/LaunchScreen.storyboard; sourceTree = "<group>"; };
		397064CA28BEB47800F9E6C9 /* Base */ = {isa = PBXFileReference; lastKnownFileType = file.storyboard; name = Base; path = Base.lproj/Main.storyboard; sourceTree = "<group>"; };
		397064CC28BEB47800F9E6C9 /* Info.plist */ = {isa = PBXFileReference; lastKnownFileType = text.plist.xml; path = Info.plist; sourceTree = "<group>"; };
		397064D128BEB47800F9E6C9 /* Browser Extension Explorer.app */ = {isa = PBXFileReference; explicitFileType = wrapper.application; includeInIndex = 0; path = "Browser Extension Explorer.app"; sourceTree = BUILT_PRODUCTS_DIR; };
		397064D328BEB47800F9E6C9 /* AppDelegate.swift */ = {isa = PBXFileReference; lastKnownFileType = sourcecode.swift; path = AppDelegate.swift; sourceTree = "<group>"; };
		397064D628BEB47800F9E6C9 /* Base */ = {isa = PBXFileReference; lastKnownFileType = file.storyboard; name = Base; path = Base.lproj/Main.storyboard; sourceTree = "<group>"; };
		397064D828BEB47800F9E6C9 /* Info.plist */ = {isa = PBXFileReference; lastKnownFileType = text.plist.xml; path = Info.plist; sourceTree = "<group>"; };
		397064D928BEB47800F9E6C9 /* Browser Extension Explorer.entitlements */ = {isa = PBXFileReference; lastKnownFileType = text.plist.entitlements; path = "Browser Extension Explorer.entitlements"; sourceTree = "<group>"; };
		397064DE28BEB47800F9E6C9 /* Browser Extension Explorer Extension.appex */ = {isa = PBXFileReference; explicitFileType = "wrapper.app-extension"; includeInIndex = 0; path = "Browser Extension Explorer Extension.appex"; sourceTree = BUILT_PRODUCTS_DIR; };
		397064E328BEB47800F9E6C9 /* Info.plist */ = {isa = PBXFileReference; lastKnownFileType = text.plist.xml; path = Info.plist; sourceTree = "<group>"; };
		397064E828BEB47800F9E6C9 /* Browser Extension Explorer Extension.appex */ = {isa = PBXFileReference; explicitFileType = "wrapper.app-extension"; includeInIndex = 0; path = "Browser Extension Explorer Extension.appex"; sourceTree = BUILT_PRODUCTS_DIR; };
		397064ED28BEB47800F9E6C9 /* Info.plist */ = {isa = PBXFileReference; lastKnownFileType = text.plist.xml; path = Info.plist; sourceTree = "<group>"; };
		397064EE28BEB47800F9E6C9 /* Browser Extension Explorer.entitlements */ = {isa = PBXFileReference; lastKnownFileType = text.plist.entitlements; path = "Browser Extension Explorer.entitlements"; sourceTree = "<group>"; };
		3970650E28BEB47800F9E6C9 /* Browser Extension Explorer */ = {isa = PBXFileReference; lastKnownFileType = text; path = "Browser Extension Explorer"; sourceTree = SOURCE_ROOT; };
		3970650F28BEB47800F9E6C9 /* releases */ = {isa = PBXFileReference; lastKnownFileType = folder; name = releases; path = ../../releases; sourceTree = "<group>"; };
		3970651028BEB47800F9E6C9 /* LICENSE */ = {isa = PBXFileReference; lastKnownFileType = text; name = LICENSE; path = ../../LICENSE; sourceTree = "<group>"; };
		3970651128BEB47800F9E6C9 /* background.js */ = {isa = PBXFileReference; lastKnownFileType = sourcecode.javascript; name = background.js; path = ../../background.js; sourceTree = "<group>"; };
		3970651228BEB47900F9E6C9 /* mvx */ = {isa = PBXFileReference; lastKnownFileType = folder; name = mvx; path = ../../mvx; sourceTree = "<group>"; };
		3970651328BEB47900F9E6C9 /* generate-component.sh */ = {isa = PBXFileReference; lastKnownFileType = text.script.sh; name = "generate-component.sh"; path = "../../generate-component.sh"; sourceTree = "<group>"; };
		3970651428BEB47900F9E6C9 /* _metadata */ = {isa = PBXFileReference; lastKnownFileType = folder; name = _metadata; path = ../../_metadata; sourceTree = "<group>"; };
		3970651528BEB47900F9E6C9 /* README.md */ = {isa = PBXFileReference; lastKnownFileType = net.daringfireball.markdown; name = README.md; path = ../../README.md; sourceTree = "<group>"; };
		3970651628BEB47900F9E6C9 /* styles */ = {isa = PBXFileReference; lastKnownFileType = folder; name = styles; path = ../../styles; sourceTree = "<group>"; };
		3970651728BEB47900F9E6C9 /* generate-mvx.sh */ = {isa = PBXFileReference; lastKnownFileType = text.script.sh; name = "generate-mvx.sh"; path = "../../generate-mvx.sh"; sourceTree = "<group>"; };
		3970651828BEB47900F9E6C9 /* components */ = {isa = PBXFileReference; lastKnownFileType = folder; name = components; path = ../../components; sourceTree = "<group>"; };
		3970651928BEB47900F9E6C9 /* icons */ = {isa = PBXFileReference; lastKnownFileType = folder; name = icons; path = ../../icons; sourceTree = "<group>"; };
		3970651A28BEB47900F9E6C9 /* scripts */ = {isa = PBXFileReference; lastKnownFileType = folder; name = scripts; path = ../../scripts; sourceTree = "<group>"; };
		3970651B28BEB47900F9E6C9 /* manifest.json */ = {isa = PBXFileReference; lastKnownFileType = text.json; name = manifest.json; path = ../../manifest.json; sourceTree = "<group>"; };
		3970651C28BEB47900F9E6C9 /* _locales */ = {isa = PBXFileReference; lastKnownFileType = folder; name = _locales; path = ../../_locales; sourceTree = "<group>"; };
		3970651D28BEB47900F9E6C9 /* pages.js */ = {isa = PBXFileReference; lastKnownFileType = sourcecode.javascript; name = pages.js; path = ../../pages.js; sourceTree = "<group>"; };
		3970651E28BEB47900F9E6C9 /* rulesets */ = {isa = PBXFileReference; lastKnownFileType = folder; name = rulesets; path = ../../rulesets; sourceTree = "<group>"; };
		3970651F28BEB47900F9E6C9 /* manifests */ = {isa = PBXFileReference; lastKnownFileType = folder; name = manifests; path = ../../manifests; sourceTree = "<group>"; };
		3970652028BEB47900F9E6C9 /* build-release.sh */ = {isa = PBXFileReference; lastKnownFileType = text.script.sh; name = "build-release.sh"; path = "../../build-release.sh"; sourceTree = "<group>"; };
		3970652128BEB47900F9E6C9 /* promo */ = {isa = PBXFileReference; lastKnownFileType = folder; name = promo; path = ../../promo; sourceTree = "<group>"; };
/* End PBXFileReference section */

/* Begin PBXFrameworksBuildPhase section */
		397064BC28BEB47800F9E6C9 /* Frameworks */ = {
			isa = PBXFrameworksBuildPhase;
			buildActionMask = 2147483647;
			files = (
			);
			runOnlyForDeploymentPostprocessing = 0;
		};
		397064CE28BEB47800F9E6C9 /* Frameworks */ = {
			isa = PBXFrameworksBuildPhase;
			buildActionMask = 2147483647;
			files = (
			);
			runOnlyForDeploymentPostprocessing = 0;
		};
		397064DB28BEB47800F9E6C9 /* Frameworks */ = {
			isa = PBXFrameworksBuildPhase;
			buildActionMask = 2147483647;
			files = (
			);
			runOnlyForDeploymentPostprocessing = 0;
		};
		397064E528BEB47800F9E6C9 /* Frameworks */ = {
			isa = PBXFrameworksBuildPhase;
			buildActionMask = 2147483647;
			files = (
			);
			runOnlyForDeploymentPostprocessing = 0;
		};
/* End PBXFrameworksBuildPhase section */

/* Begin PBXGroup section */
		397064AB28BEB47700F9E6C9 = {
			isa = PBXGroup;
			children = (
				397064B028BEB47700F9E6C9 /* Shared (App) */,
				397064B928BEB47800F9E6C9 /* Shared (Extension) */,
				397064C128BEB47800F9E6C9 /* iOS (App) */,
				397064D228BEB47800F9E6C9 /* macOS (App) */,
				397064E228BEB47800F9E6C9 /* iOS (Extension) */,
				397064EC28BEB47800F9E6C9 /* macOS (Extension) */,
				397064C028BEB47800F9E6C9 /* Products */,
			);
			sourceTree = "<group>";
		};
		397064B028BEB47700F9E6C9 /* Shared (App) */ = {
			isa = PBXGroup;
			children = (
				397064B728BEB47700F9E6C9 /* ViewController.swift */,
				397064B828BEB47800F9E6C9 /* Assets.xcassets */,
				397064B128BEB47700F9E6C9 /* Resources */,
			);
			path = "Shared (App)";
			sourceTree = "<group>";
		};
		397064B128BEB47700F9E6C9 /* Resources */ = {
			isa = PBXGroup;
			children = (
				397064B228BEB47700F9E6C9 /* Main.html */,
				397064B428BEB47700F9E6C9 /* Icon.png */,
				397064B528BEB47700F9E6C9 /* Style.css */,
				397064B628BEB47700F9E6C9 /* Script.js */,
			);
			path = Resources;
			sourceTree = "<group>";
		};
		397064B928BEB47800F9E6C9 /* Shared (Extension) */ = {
			isa = PBXGroup;
			children = (
				3970650D28BEB47800F9E6C9 /* Resources */,
				397064BA28BEB47800F9E6C9 /* SafariWebExtensionHandler.swift */,
			);
			path = "Shared (Extension)";
			sourceTree = "<group>";
		};
		397064C028BEB47800F9E6C9 /* Products */ = {
			isa = PBXGroup;
			children = (
				397064BF28BEB47800F9E6C9 /* Browser Extension Explorer.app */,
				397064D128BEB47800F9E6C9 /* Browser Extension Explorer.app */,
				397064DE28BEB47800F9E6C9 /* Browser Extension Explorer Extension.appex */,
				397064E828BEB47800F9E6C9 /* Browser Extension Explorer Extension.appex */,
			);
			name = Products;
			sourceTree = "<group>";
		};
		397064C128BEB47800F9E6C9 /* iOS (App) */ = {
			isa = PBXGroup;
			children = (
				397064C228BEB47800F9E6C9 /* AppDelegate.swift */,
				397064C428BEB47800F9E6C9 /* SceneDelegate.swift */,
				397064C628BEB47800F9E6C9 /* LaunchScreen.storyboard */,
				397064C928BEB47800F9E6C9 /* Main.storyboard */,
				397064CC28BEB47800F9E6C9 /* Info.plist */,
			);
			path = "iOS (App)";
			sourceTree = "<group>";
		};
		397064D228BEB47800F9E6C9 /* macOS (App) */ = {
			isa = PBXGroup;
			children = (
				397064D328BEB47800F9E6C9 /* AppDelegate.swift */,
				397064D528BEB47800F9E6C9 /* Main.storyboard */,
				397064D828BEB47800F9E6C9 /* Info.plist */,
				397064D928BEB47800F9E6C9 /* Browser Extension Explorer.entitlements */,
			);
			path = "macOS (App)";
			sourceTree = "<group>";
		};
		397064E228BEB47800F9E6C9 /* iOS (Extension) */ = {
			isa = PBXGroup;
			children = (
				397064E328BEB47800F9E6C9 /* Info.plist */,
			);
			path = "iOS (Extension)";
			sourceTree = "<group>";
		};
		397064EC28BEB47800F9E6C9 /* macOS (Extension) */ = {
			isa = PBXGroup;
			children = (
				397064ED28BEB47800F9E6C9 /* Info.plist */,
				397064EE28BEB47800F9E6C9 /* Browser Extension Explorer.entitlements */,
			);
			path = "macOS (Extension)";
			sourceTree = "<group>";
		};
		3970650D28BEB47800F9E6C9 /* Resources */ = {
			isa = PBXGroup;
			children = (
				3970650E28BEB47800F9E6C9 /* Browser Extension Explorer */,
				3970650F28BEB47800F9E6C9 /* releases */,
				3970651028BEB47800F9E6C9 /* LICENSE */,
				3970651128BEB47800F9E6C9 /* background.js */,
				3970651228BEB47900F9E6C9 /* mvx */,
				3970651328BEB47900F9E6C9 /* generate-component.sh */,
				3970651428BEB47900F9E6C9 /* _metadata */,
				3970651528BEB47900F9E6C9 /* README.md */,
				3970651628BEB47900F9E6C9 /* styles */,
				3970651728BEB47900F9E6C9 /* generate-mvx.sh */,
				3970651828BEB47900F9E6C9 /* components */,
				3970651928BEB47900F9E6C9 /* icons */,
				3970651A28BEB47900F9E6C9 /* scripts */,
				3970651B28BEB47900F9E6C9 /* manifest.json */,
				3970651C28BEB47900F9E6C9 /* _locales */,
				3970651D28BEB47900F9E6C9 /* pages.js */,
				3970651E28BEB47900F9E6C9 /* rulesets */,
				3970651F28BEB47900F9E6C9 /* manifests */,
				3970652028BEB47900F9E6C9 /* build-release.sh */,
				3970652128BEB47900F9E6C9 /* promo */,
			);
			name = Resources;
			path = "Shared (Extension)";
			sourceTree = SOURCE_ROOT;
		};
/* End PBXGroup section */

/* Begin PBXNativeTarget section */
		397064BE28BEB47800F9E6C9 /* Browser Extension Explorer (iOS) */ = {
			isa = PBXNativeTarget;
			buildConfigurationList = 3970650328BEB47800F9E6C9 /* Build configuration list for PBXNativeTarget "Browser Extension Explorer (iOS)" */;
			buildPhases = (
				397064BB28BEB47800F9E6C9 /* Sources */,
				397064BC28BEB47800F9E6C9 /* Frameworks */,
				397064BD28BEB47800F9E6C9 /* Resources */,
				3970650228BEB47800F9E6C9 /* Embed App Extensions */,
			);
			buildRules = (
			);
			dependencies = (
				397064E128BEB47800F9E6C9 /* PBXTargetDependency */,
			);
			name = "Browser Extension Explorer (iOS)";
			productName = "Browser Extension Explorer (iOS)";
			productReference = 397064BF28BEB47800F9E6C9 /* Browser Extension Explorer.app */;
			productType = "com.apple.product-type.application";
		};
		397064D028BEB47800F9E6C9 /* Browser Extension Explorer (macOS) */ = {
			isa = PBXNativeTarget;
			buildConfigurationList = 3970650A28BEB47800F9E6C9 /* Build configuration list for PBXNativeTarget "Browser Extension Explorer (macOS)" */;
			buildPhases = (
				397064CD28BEB47800F9E6C9 /* Sources */,
				397064CE28BEB47800F9E6C9 /* Frameworks */,
				397064CF28BEB47800F9E6C9 /* Resources */,
				3970650928BEB47800F9E6C9 /* Embed App Extensions */,
			);
			buildRules = (
			);
			dependencies = (
				397064EB28BEB47800F9E6C9 /* PBXTargetDependency */,
			);
			name = "Browser Extension Explorer (macOS)";
			productName = "Browser Extension Explorer (macOS)";
			productReference = 397064D128BEB47800F9E6C9 /* Browser Extension Explorer.app */;
			productType = "com.apple.product-type.application";
		};
		397064DD28BEB47800F9E6C9 /* Browser Extension Explorer Extension (iOS) */ = {
			isa = PBXNativeTarget;
			buildConfigurationList = 397064FF28BEB47800F9E6C9 /* Build configuration list for PBXNativeTarget "Browser Extension Explorer Extension (iOS)" */;
			buildPhases = (
				397064DA28BEB47800F9E6C9 /* Sources */,
				397064DB28BEB47800F9E6C9 /* Frameworks */,
				397064DC28BEB47800F9E6C9 /* Resources */,
			);
			buildRules = (
			);
			dependencies = (
			);
			name = "Browser Extension Explorer Extension (iOS)";
			productName = "Browser Extension Explorer Extension (iOS)";
			productReference = 397064DE28BEB47800F9E6C9 /* Browser Extension Explorer Extension.appex */;
			productType = "com.apple.product-type.app-extension";
		};
		397064E728BEB47800F9E6C9 /* Browser Extension Explorer Extension (macOS) */ = {
			isa = PBXNativeTarget;
			buildConfigurationList = 3970650628BEB47800F9E6C9 /* Build configuration list for PBXNativeTarget "Browser Extension Explorer Extension (macOS)" */;
			buildPhases = (
				397064E428BEB47800F9E6C9 /* Sources */,
				397064E528BEB47800F9E6C9 /* Frameworks */,
				397064E628BEB47800F9E6C9 /* Resources */,
			);
			buildRules = (
			);
			dependencies = (
			);
			name = "Browser Extension Explorer Extension (macOS)";
			productName = "Browser Extension Explorer Extension (macOS)";
			productReference = 397064E828BEB47800F9E6C9 /* Browser Extension Explorer Extension.appex */;
			productType = "com.apple.product-type.app-extension";
		};
/* End PBXNativeTarget section */

/* Begin PBXProject section */
		397064AC28BEB47700F9E6C9 /* Project object */ = {
			isa = PBXProject;
			attributes = {
				BuildIndependentTargetsInParallel = 1;
				LastSwiftUpdateCheck = 1340;
				LastUpgradeCheck = 1340;
				TargetAttributes = {
					397064BE28BEB47800F9E6C9 = {
						CreatedOnToolsVersion = 13.4.1;
					};
					397064D028BEB47800F9E6C9 = {
						CreatedOnToolsVersion = 13.4.1;
					};
					397064DD28BEB47800F9E6C9 = {
						CreatedOnToolsVersion = 13.4.1;
					};
					397064E728BEB47800F9E6C9 = {
						CreatedOnToolsVersion = 13.4.1;
					};
				};
			};
			buildConfigurationList = 397064AF28BEB47700F9E6C9 /* Build configuration list for PBXProject "Browser Extension Explorer" */;
			compatibilityVersion = "Xcode 13.0";
			developmentRegion = en;
			hasScannedForEncodings = 0;
			knownRegions = (
				en,
				Base,
			);
			mainGroup = 397064AB28BEB47700F9E6C9;
			productRefGroup = 397064C028BEB47800F9E6C9 /* Products */;
			projectDirPath = "";
			projectRoot = "";
			targets = (
				397064BE28BEB47800F9E6C9 /* Browser Extension Explorer (iOS) */,
				397064D028BEB47800F9E6C9 /* Browser Extension Explorer (macOS) */,
				397064DD28BEB47800F9E6C9 /* Browser Extension Explorer Extension (iOS) */,
				397064E728BEB47800F9E6C9 /* Browser Extension Explorer Extension (macOS) */,
			);
		};
/* End PBXProject section */

/* Begin PBXResourcesBuildPhase section */
		397064BD28BEB47800F9E6C9 /* Resources */ = {
			isa = PBXResourcesBuildPhase;
			buildActionMask = 2147483647;
			files = (
				397064F128BEB47800F9E6C9 /* Icon.png in Resources */,
				397064C828BEB47800F9E6C9 /* LaunchScreen.storyboard in Resources */,
				397064EF28BEB47800F9E6C9 /* Main.html in Resources */,
				397064F528BEB47800F9E6C9 /* Script.js in Resources */,
				397064F928BEB47800F9E6C9 /* Assets.xcassets in Resources */,
				397064CB28BEB47800F9E6C9 /* Main.storyboard in Resources */,
				397064F328BEB47800F9E6C9 /* Style.css in Resources */,
			);
			runOnlyForDeploymentPostprocessing = 0;
		};
		397064CF28BEB47800F9E6C9 /* Resources */ = {
			isa = PBXResourcesBuildPhase;
			buildActionMask = 2147483647;
			files = (
				397064F228BEB47800F9E6C9 /* Icon.png in Resources */,
				397064F428BEB47800F9E6C9 /* Style.css in Resources */,
				397064D728BEB47800F9E6C9 /* Main.storyboard in Resources */,
				397064F628BEB47800F9E6C9 /* Script.js in Resources */,
				397064FA28BEB47800F9E6C9 /* Assets.xcassets in Resources */,
				397064F028BEB47800F9E6C9 /* Main.html in Resources */,
			);
			runOnlyForDeploymentPostprocessing = 0;
		};
		397064DC28BEB47800F9E6C9 /* Resources */ = {
			isa = PBXResourcesBuildPhase;
			buildActionMask = 2147483647;
			files = (
				3970653928BEB47900F9E6C9 /* background.js in Resources */,
				3970654028BEB47900F9E6C9 /* components in Resources */,
				3970653E28BEB47900F9E6C9 /* styles in Resources */,
				3970654528BEB47900F9E6C9 /* pages.js in Resources */,
				3970654428BEB47900F9E6C9 /* _locales in Resources */,
				3970653C28BEB47900F9E6C9 /* _metadata in Resources */,
				3970654928BEB47900F9E6C9 /* promo in Resources */,
				3970653828BEB47900F9E6C9 /* LICENSE in Resources */,
				3970653728BEB47900F9E6C9 /* releases in Resources */,
				3970653628BEB47900F9E6C9 /* Browser Extension Explorer in Resources */,
				3970654728BEB47900F9E6C9 /* manifests in Resources */,
				3970653A28BEB47900F9E6C9 /* mvx in Resources */,
				3970654328BEB47900F9E6C9 /* manifest.json in Resources */,
				3970654228BEB47900F9E6C9 /* scripts in Resources */,
				3970653D28BEB47900F9E6C9 /* README.md in Resources */,
				3970654128BEB47900F9E6C9 /* icons in Resources */,
				3970653B28BEB47900F9E6C9 /* generate-component.sh in Resources */,
				3970654828BEB47900F9E6C9 /* build-release.sh in Resources */,
				3970653F28BEB47900F9E6C9 /* generate-mvx.sh in Resources */,
				3970654628BEB47900F9E6C9 /* rulesets in Resources */,
			);
			runOnlyForDeploymentPostprocessing = 0;
		};
		397064E628BEB47800F9E6C9 /* Resources */ = {
			isa = PBXResourcesBuildPhase;
			buildActionMask = 2147483647;
			files = (
				3970652528BEB47900F9E6C9 /* background.js in Resources */,
				3970652C28BEB47900F9E6C9 /* components in Resources */,
				3970652A28BEB47900F9E6C9 /* styles in Resources */,
				3970653128BEB47900F9E6C9 /* pages.js in Resources */,
				3970653028BEB47900F9E6C9 /* _locales in Resources */,
				3970652828BEB47900F9E6C9 /* _metadata in Resources */,
				3970653528BEB47900F9E6C9 /* promo in Resources */,
				3970652428BEB47900F9E6C9 /* LICENSE in Resources */,
				3970652328BEB47900F9E6C9 /* releases in Resources */,
				3970653328BEB47900F9E6C9 /* manifests in Resources */,
				3970652628BEB47900F9E6C9 /* mvx in Resources */,
				3970652F28BEB47900F9E6C9 /* manifest.json in Resources */,
				3970652E28BEB47900F9E6C9 /* scripts in Resources */,
				3970652928BEB47900F9E6C9 /* README.md in Resources */,
				3970652D28BEB47900F9E6C9 /* icons in Resources */,
				3970652728BEB47900F9E6C9 /* generate-component.sh in Resources */,
				3970653428BEB47900F9E6C9 /* build-release.sh in Resources */,
				3970652B28BEB47900F9E6C9 /* generate-mvx.sh in Resources */,
				3970653228BEB47900F9E6C9 /* rulesets in Resources */,
			);
			runOnlyForDeploymentPostprocessing = 0;
		};
/* End PBXResourcesBuildPhase section */

/* Begin PBXSourcesBuildPhase section */
		397064BB28BEB47800F9E6C9 /* Sources */ = {
			isa = PBXSourcesBuildPhase;
			buildActionMask = 2147483647;
			files = (
				397064F728BEB47800F9E6C9 /* ViewController.swift in Sources */,
				397064C328BEB47800F9E6C9 /* AppDelegate.swift in Sources */,
				397064C528BEB47800F9E6C9 /* SceneDelegate.swift in Sources */,
			);
			runOnlyForDeploymentPostprocessing = 0;
		};
		397064CD28BEB47800F9E6C9 /* Sources */ = {
			isa = PBXSourcesBuildPhase;
			buildActionMask = 2147483647;
			files = (
				397064F828BEB47800F9E6C9 /* ViewController.swift in Sources */,
				397064D428BEB47800F9E6C9 /* AppDelegate.swift in Sources */,
			);
			runOnlyForDeploymentPostprocessing = 0;
		};
		397064DA28BEB47800F9E6C9 /* Sources */ = {
			isa = PBXSourcesBuildPhase;
			buildActionMask = 2147483647;
			files = (
				397064FB28BEB47800F9E6C9 /* SafariWebExtensionHandler.swift in Sources */,
			);
			runOnlyForDeploymentPostprocessing = 0;
		};
		397064E428BEB47800F9E6C9 /* Sources */ = {
			isa = PBXSourcesBuildPhase;
			buildActionMask = 2147483647;
			files = (
				397064FC28BEB47800F9E6C9 /* SafariWebExtensionHandler.swift in Sources */,
			);
			runOnlyForDeploymentPostprocessing = 0;
		};
/* End PBXSourcesBuildPhase section */

/* Begin PBXTargetDependency section */
		397064E128BEB47800F9E6C9 /* PBXTargetDependency */ = {
			isa = PBXTargetDependency;
			target = 397064DD28BEB47800F9E6C9 /* Browser Extension Explorer Extension (iOS) */;
			targetProxy = 397064E028BEB47800F9E6C9 /* PBXContainerItemProxy */;
		};
		397064EB28BEB47800F9E6C9 /* PBXTargetDependency */ = {
			isa = PBXTargetDependency;
			target = 397064E728BEB47800F9E6C9 /* Browser Extension Explorer Extension (macOS) */;
			targetProxy = 397064EA28BEB47800F9E6C9 /* PBXContainerItemProxy */;
		};
/* End PBXTargetDependency section */

/* Begin PBXVariantGroup section */
		397064B228BEB47700F9E6C9 /* Main.html */ = {
			isa = PBXVariantGroup;
			children = (
				397064B328BEB47700F9E6C9 /* Base */,
			);
			name = Main.html;
			sourceTree = "<group>";
		};
		397064C628BEB47800F9E6C9 /* LaunchScreen.storyboard */ = {
			isa = PBXVariantGroup;
			children = (
				397064C728BEB47800F9E6C9 /* Base */,
			);
			name = LaunchScreen.storyboard;
			sourceTree = "<group>";
		};
		397064C928BEB47800F9E6C9 /* Main.storyboard */ = {
			isa = PBXVariantGroup;
			children = (
				397064CA28BEB47800F9E6C9 /* Base */,
			);
			name = Main.storyboard;
			sourceTree = "<group>";
		};
		397064D528BEB47800F9E6C9 /* Main.storyboard */ = {
			isa = PBXVariantGroup;
			children = (
				397064D628BEB47800F9E6C9 /* Base */,
			);
			name = Main.storyboard;
			sourceTree = "<group>";
		};
/* End PBXVariantGroup section */

/* Begin XCBuildConfiguration section */
		397064FD28BEB47800F9E6C9 /* Debug */ = {
			isa = XCBuildConfiguration;
			buildSettings = {
				ALWAYS_SEARCH_USER_PATHS = NO;
				CLANG_ANALYZER_NONNULL = YES;
				CLANG_ANALYZER_NUMBER_OBJECT_CONVERSION = YES_AGGRESSIVE;
				CLANG_CXX_LANGUAGE_STANDARD = "gnu++17";
				CLANG_ENABLE_MODULES = YES;
				CLANG_ENABLE_OBJC_ARC = YES;
				CLANG_ENABLE_OBJC_WEAK = YES;
				CLANG_WARN_BLOCK_CAPTURE_AUTORELEASING = YES;
				CLANG_WARN_BOOL_CONVERSION = YES;
				CLANG_WARN_COMMA = YES;
				CLANG_WARN_CONSTANT_CONVERSION = YES;
				CLANG_WARN_DEPRECATED_OBJC_IMPLEMENTATIONS = YES;
				CLANG_WARN_DIRECT_OBJC_ISA_USAGE = YES_ERROR;
				CLANG_WARN_DOCUMENTATION_COMMENTS = YES;
				CLANG_WARN_EMPTY_BODY = YES;
				CLANG_WARN_ENUM_CONVERSION = YES;
				CLANG_WARN_INFINITE_RECURSION = YES;
				CLANG_WARN_INT_CONVERSION = YES;
				CLANG_WARN_NON_LITERAL_NULL_CONVERSION = YES;
				CLANG_WARN_OBJC_IMPLICIT_RETAIN_SELF = YES;
				CLANG_WARN_OBJC_LITERAL_CONVERSION = YES;
				CLANG_WARN_OBJC_ROOT_CLASS = YES_ERROR;
				CLANG_WARN_QUOTED_INCLUDE_IN_FRAMEWORK_HEADER = YES;
				CLANG_WARN_RANGE_LOOP_ANALYSIS = YES;
				CLANG_WARN_STRICT_PROTOTYPES = YES;
				CLANG_WARN_SUSPICIOUS_MOVE = YES;
				CLANG_WARN_UNGUARDED_AVAILABILITY = YES_AGGRESSIVE;
				CLANG_WARN_UNREACHABLE_CODE = YES;
				CLANG_WARN__DUPLICATE_METHOD_MATCH = YES;
				COPY_PHASE_STRIP = NO;
				DEBUG_INFORMATION_FORMAT = dwarf;
				ENABLE_STRICT_OBJC_MSGSEND = YES;
				ENABLE_TESTABILITY = YES;
				GCC_C_LANGUAGE_STANDARD = gnu11;
				GCC_DYNAMIC_NO_PIC = NO;
				GCC_NO_COMMON_BLOCKS = YES;
				GCC_OPTIMIZATION_LEVEL = 0;
				GCC_PREPROCESSOR_DEFINITIONS = (
					"DEBUG=1",
					"$(inherited)",
				);
				GCC_WARN_64_TO_32_BIT_CONVERSION = YES;
				GCC_WARN_ABOUT_RETURN_TYPE = YES_ERROR;
				GCC_WARN_UNDECLARED_SELECTOR = YES;
				GCC_WARN_UNINITIALIZED_AUTOS = YES_AGGRESSIVE;
				GCC_WARN_UNUSED_FUNCTION = YES;
				GCC_WARN_UNUSED_VARIABLE = YES;
				MTL_ENABLE_DEBUG_INFO = INCLUDE_SOURCE;
				MTL_FAST_MATH = YES;
				ONLY_ACTIVE_ARCH = YES;
				SWIFT_ACTIVE_COMPILATION_CONDITIONS = DEBUG;
				SWIFT_OPTIMIZATION_LEVEL = "-Onone";
			};
			name = Debug;
		};
		397064FE28BEB47800F9E6C9 /* Release */ = {
			isa = XCBuildConfiguration;
			buildSettings = {
				ALWAYS_SEARCH_USER_PATHS = NO;
				CLANG_ANALYZER_NONNULL = YES;
				CLANG_ANALYZER_NUMBER_OBJECT_CONVERSION = YES_AGGRESSIVE;
				CLANG_CXX_LANGUAGE_STANDARD = "gnu++17";
				CLANG_ENABLE_MODULES = YES;
				CLANG_ENABLE_OBJC_ARC = YES;
				CLANG_ENABLE_OBJC_WEAK = YES;
				CLANG_WARN_BLOCK_CAPTURE_AUTORELEASING = YES;
				CLANG_WARN_BOOL_CONVERSION = YES;
				CLANG_WARN_COMMA = YES;
				CLANG_WARN_CONSTANT_CONVERSION = YES;
				CLANG_WARN_DEPRECATED_OBJC_IMPLEMENTATIONS = YES;
				CLANG_WARN_DIRECT_OBJC_ISA_USAGE = YES_ERROR;
				CLANG_WARN_DOCUMENTATION_COMMENTS = YES;
				CLANG_WARN_EMPTY_BODY = YES;
				CLANG_WARN_ENUM_CONVERSION = YES;
				CLANG_WARN_INFINITE_RECURSION = YES;
				CLANG_WARN_INT_CONVERSION = YES;
				CLANG_WARN_NON_LITERAL_NULL_CONVERSION = YES;
				CLANG_WARN_OBJC_IMPLICIT_RETAIN_SELF = YES;
				CLANG_WARN_OBJC_LITERAL_CONVERSION = YES;
				CLANG_WARN_OBJC_ROOT_CLASS = YES_ERROR;
				CLANG_WARN_QUOTED_INCLUDE_IN_FRAMEWORK_HEADER = YES;
				CLANG_WARN_RANGE_LOOP_ANALYSIS = YES;
				CLANG_WARN_STRICT_PROTOTYPES = YES;
				CLANG_WARN_SUSPICIOUS_MOVE = YES;
				CLANG_WARN_UNGUARDED_AVAILABILITY = YES_AGGRESSIVE;
				CLANG_WARN_UNREACHABLE_CODE = YES;
				CLANG_WARN__DUPLICATE_METHOD_MATCH = YES;
				COPY_PHASE_STRIP = NO;
				DEBUG_INFORMATION_FORMAT = "dwarf-with-dsym";
				ENABLE_NS_ASSERTIONS = NO;
				ENABLE_STRICT_OBJC_MSGSEND = YES;
				GCC_C_LANGUAGE_STANDARD = gnu11;
				GCC_NO_COMMON_BLOCKS = YES;
				GCC_WARN_64_TO_32_BIT_CONVERSION = YES;
				GCC_WARN_ABOUT_RETURN_TYPE = YES_ERROR;
				GCC_WARN_UNDECLARED_SELECTOR = YES;
				GCC_WARN_UNINITIALIZED_AUTOS = YES_AGGRESSIVE;
				GCC_WARN_UNUSED_FUNCTION = YES;
				GCC_WARN_UNUSED_VARIABLE = YES;
				MTL_ENABLE_DEBUG_INFO = NO;
				MTL_FAST_MATH = YES;
				SWIFT_COMPILATION_MODE = wholemodule;
				SWIFT_OPTIMIZATION_LEVEL = "-O";
			};
			name = Release;
		};
		3970650028BEB47800F9E6C9 /* Debug */ = {
			isa = XCBuildConfiguration;
			buildSettings = {
				CODE_SIGN_STYLE = Automatic;
				CURRENT_PROJECT_VERSION = 1;
				GENERATE_INFOPLIST_FILE = YES;
				INFOPLIST_FILE = "iOS (Extension)/Info.plist";
				INFOPLIST_KEY_CFBundleDisplayName = "Browser Extension Explorer Extension";
				INFOPLIST_KEY_NSHumanReadableCopyright = "";
				IPHONEOS_DEPLOYMENT_TARGET = 15.0;
				LD_RUNPATH_SEARCH_PATHS = (
					"$(inherited)",
					"@executable_path/Frameworks",
					"@executable_path/../../Frameworks",
				);
				MARKETING_VERSION = 1.0;
				OTHER_LDFLAGS = (
					"-framework",
					SafariServices,
				);
				PRODUCT_BUNDLE_IDENTIFIER = "com.mattFrisbie.Browser-Extension-Explorer.Extension";
				PRODUCT_NAME = "Browser Extension Explorer Extension";
				SDKROOT = iphoneos;
				SKIP_INSTALL = YES;
				SWIFT_EMIT_LOC_STRINGS = YES;
				SWIFT_VERSION = 5.0;
				TARGETED_DEVICE_FAMILY = "1,2";
			};
			name = Debug;
		};
		3970650128BEB47800F9E6C9 /* Release */ = {
			isa = XCBuildConfiguration;
			buildSettings = {
				CODE_SIGN_STYLE = Automatic;
				CURRENT_PROJECT_VERSION = 1;
				GENERATE_INFOPLIST_FILE = YES;
				INFOPLIST_FILE = "iOS (Extension)/Info.plist";
				INFOPLIST_KEY_CFBundleDisplayName = "Browser Extension Explorer Extension";
				INFOPLIST_KEY_NSHumanReadableCopyright = "";
				IPHONEOS_DEPLOYMENT_TARGET = 15.0;
				LD_RUNPATH_SEARCH_PATHS = (
					"$(inherited)",
					"@executable_path/Frameworks",
					"@executable_path/../../Frameworks",
				);
				MARKETING_VERSION = 1.0;
				OTHER_LDFLAGS = (
					"-framework",
					SafariServices,
				);
				PRODUCT_BUNDLE_IDENTIFIER = "com.mattFrisbie.Browser-Extension-Explorer.Extension";
				PRODUCT_NAME = "Browser Extension Explorer Extension";
				SDKROOT = iphoneos;
				SKIP_INSTALL = YES;
				SWIFT_EMIT_LOC_STRINGS = YES;
				SWIFT_VERSION = 5.0;
				TARGETED_DEVICE_FAMILY = "1,2";
				VALIDATE_PRODUCT = YES;
			};
			name = Release;
		};
		3970650428BEB47800F9E6C9 /* Debug */ = {
			isa = XCBuildConfiguration;
			buildSettings = {
				ALWAYS_EMBED_SWIFT_STANDARD_LIBRARIES = YES;
				ASSETCATALOG_COMPILER_APPICON_NAME = AppIcon;
				ASSETCATALOG_COMPILER_GLOBAL_ACCENT_COLOR_NAME = AccentColor;
				CODE_SIGN_STYLE = Automatic;
				CURRENT_PROJECT_VERSION = 1;
				DEVELOPMENT_TEAM = 6XVQ4SJL69;
				GENERATE_INFOPLIST_FILE = YES;
				INFOPLIST_FILE = "iOS (App)/Info.plist";
				INFOPLIST_KEY_CFBundleDisplayName = "Browser Extension Explorer";
				INFOPLIST_KEY_UIApplicationSupportsIndirectInputEvents = YES;
				INFOPLIST_KEY_UILaunchStoryboardName = LaunchScreen;
				INFOPLIST_KEY_UIMainStoryboardFile = Main;
				INFOPLIST_KEY_UISupportedInterfaceOrientations = "UIInterfaceOrientationPortrait UIInterfaceOrientationLandscapeLeft UIInterfaceOrientationLandscapeRight";
				INFOPLIST_KEY_UISupportedInterfaceOrientations_iPad = "UIInterfaceOrientationPortrait UIInterfaceOrientationPortraitUpsideDown UIInterfaceOrientationLandscapeLeft UIInterfaceOrientationLandscapeRight";
				IPHONEOS_DEPLOYMENT_TARGET = 15.0;
				LD_RUNPATH_SEARCH_PATHS = (
					"$(inherited)",
					"@executable_path/Frameworks",
				);
				MARKETING_VERSION = 1.0;
				OTHER_LDFLAGS = (
					"-framework",
					SafariServices,
					"-framework",
					WebKit,
				);
				PRODUCT_BUNDLE_IDENTIFIER = "com.mattFrisbie.Browser-Extension-Explorer";
				PRODUCT_NAME = "Browser Extension Explorer";
				SDKROOT = iphoneos;
				SWIFT_EMIT_LOC_STRINGS = YES;
				SWIFT_VERSION = 5.0;
				TARGETED_DEVICE_FAMILY = "1,2";
			};
			name = Debug;
		};
		3970650528BEB47800F9E6C9 /* Release */ = {
			isa = XCBuildConfiguration;
			buildSettings = {
				ALWAYS_EMBED_SWIFT_STANDARD_LIBRARIES = YES;
				ASSETCATALOG_COMPILER_APPICON_NAME = AppIcon;
				ASSETCATALOG_COMPILER_GLOBAL_ACCENT_COLOR_NAME = AccentColor;
				CODE_SIGN_STYLE = Automatic;
				CURRENT_PROJECT_VERSION = 1;
				DEVELOPMENT_TEAM = 6XVQ4SJL69;
				GENERATE_INFOPLIST_FILE = YES;
				INFOPLIST_FILE = "iOS (App)/Info.plist";
				INFOPLIST_KEY_CFBundleDisplayName = "Browser Extension Explorer";
				INFOPLIST_KEY_UIApplicationSupportsIndirectInputEvents = YES;
				INFOPLIST_KEY_UILaunchStoryboardName = LaunchScreen;
				INFOPLIST_KEY_UIMainStoryboardFile = Main;
				INFOPLIST_KEY_UISupportedInterfaceOrientations = "UIInterfaceOrientationPortrait UIInterfaceOrientationLandscapeLeft UIInterfaceOrientationLandscapeRight";
				INFOPLIST_KEY_UISupportedInterfaceOrientations_iPad = "UIInterfaceOrientationPortrait UIInterfaceOrientationPortraitUpsideDown UIInterfaceOrientationLandscapeLeft UIInterfaceOrientationLandscapeRight";
				IPHONEOS_DEPLOYMENT_TARGET = 15.0;
				LD_RUNPATH_SEARCH_PATHS = (
					"$(inherited)",
					"@executable_path/Frameworks",
				);
				MARKETING_VERSION = 1.0;
				OTHER_LDFLAGS = (
					"-framework",
					SafariServices,
					"-framework",
					WebKit,
				);
				PRODUCT_BUNDLE_IDENTIFIER = "com.mattFrisbie.Browser-Extension-Explorer";
				PRODUCT_NAME = "Browser Extension Explorer";
				SDKROOT = iphoneos;
				SWIFT_EMIT_LOC_STRINGS = YES;
				SWIFT_VERSION = 5.0;
				TARGETED_DEVICE_FAMILY = "1,2";
				VALIDATE_PRODUCT = YES;
			};
			name = Release;
		};
		3970650728BEB47800F9E6C9 /* Debug */ = {
			isa = XCBuildConfiguration;
			buildSettings = {
				CODE_SIGN_ENTITLEMENTS = "macOS (Extension)/Browser Extension Explorer.entitlements";
				CODE_SIGN_STYLE = Automatic;
				CURRENT_PROJECT_VERSION = 1;
				DEVELOPMENT_TEAM = 6XVQ4SJL69;
				ENABLE_HARDENED_RUNTIME = YES;
				GENERATE_INFOPLIST_FILE = YES;
				INFOPLIST_FILE = "macOS (Extension)/Info.plist";
				INFOPLIST_KEY_CFBundleDisplayName = "Browser Extension Explorer Extension";
				INFOPLIST_KEY_NSHumanReadableCopyright = "";
				LD_RUNPATH_SEARCH_PATHS = (
					"$(inherited)",
					"@executable_path/../Frameworks",
					"@executable_path/../../../../Frameworks",
				);
				MACOSX_DEPLOYMENT_TARGET = 10.14;
				MARKETING_VERSION = 1.0;
				OTHER_LDFLAGS = (
					"-framework",
					SafariServices,
				);
				PRODUCT_BUNDLE_IDENTIFIER = "com.mattFrisbie.Browser-Extension-Explorer.Extension";
				PRODUCT_NAME = "Browser Extension Explorer Extension";
				SDKROOT = macosx;
				SKIP_INSTALL = YES;
				SWIFT_EMIT_LOC_STRINGS = YES;
				SWIFT_VERSION = 5.0;
			};
			name = Debug;
		};
		3970650828BEB47800F9E6C9 /* Release */ = {
			isa = XCBuildConfiguration;
			buildSettings = {
				CODE_SIGN_ENTITLEMENTS = "macOS (Extension)/Browser Extension Explorer.entitlements";
				CODE_SIGN_STYLE = Automatic;
				CURRENT_PROJECT_VERSION = 1;
				DEVELOPMENT_TEAM = 6XVQ4SJL69;
				ENABLE_HARDENED_RUNTIME = YES;
				GENERATE_INFOPLIST_FILE = YES;
				INFOPLIST_FILE = "macOS (Extension)/Info.plist";
				INFOPLIST_KEY_CFBundleDisplayName = "Browser Extension Explorer Extension";
				INFOPLIST_KEY_NSHumanReadableCopyright = "";
				LD_RUNPATH_SEARCH_PATHS = (
					"$(inherited)",
					"@executable_path/../Frameworks",
					"@executable_path/../../../../Frameworks",
				);
				MACOSX_DEPLOYMENT_TARGET = 10.14;
				MARKETING_VERSION = 1.0;
				OTHER_LDFLAGS = (
					"-framework",
					SafariServices,
				);
				PRODUCT_BUNDLE_IDENTIFIER = "com.mattFrisbie.Browser-Extension-Explorer.Extension";
				PRODUCT_NAME = "Browser Extension Explorer Extension";
				SDKROOT = macosx;
				SKIP_INSTALL = YES;
				SWIFT_EMIT_LOC_STRINGS = YES;
				SWIFT_VERSION = 5.0;
			};
			name = Release;
		};
		3970650B28BEB47800F9E6C9 /* Debug */ = {
			isa = XCBuildConfiguration;
			buildSettings = {
				ALWAYS_EMBED_SWIFT_STANDARD_LIBRARIES = YES;
				ASSETCATALOG_COMPILER_APPICON_NAME = AppIcon;
				ASSETCATALOG_COMPILER_GLOBAL_ACCENT_COLOR_NAME = AccentColor;
				CODE_SIGN_ENTITLEMENTS = "macOS (App)/Browser Extension Explorer.entitlements";
				CODE_SIGN_STYLE = Automatic;
				CURRENT_PROJECT_VERSION = 1;
				DEVELOPMENT_TEAM = 6XVQ4SJL69;
				ENABLE_HARDENED_RUNTIME = YES;
				GENERATE_INFOPLIST_FILE = YES;
				INFOPLIST_FILE = "macOS (App)/Info.plist";
				INFOPLIST_KEY_CFBundleDisplayName = "Browser Extension Explorer";
				INFOPLIST_KEY_NSMainStoryboardFile = Main;
				INFOPLIST_KEY_NSPrincipalClass = NSApplication;
				LD_RUNPATH_SEARCH_PATHS = (
					"$(inherited)",
					"@executable_path/../Frameworks",
				);
				MACOSX_DEPLOYMENT_TARGET = 10.14;
				MARKETING_VERSION = 1.0;
				OTHER_LDFLAGS = (
					"-framework",
					SafariServices,
					"-framework",
					WebKit,
				);
				PRODUCT_BUNDLE_IDENTIFIER = "com.mattFrisbie.Browser-Extension-Explorer";
				PRODUCT_NAME = "Browser Extension Explorer";
				SDKROOT = macosx;
				SWIFT_EMIT_LOC_STRINGS = YES;
				SWIFT_VERSION = 5.0;
			};
			name = Debug;
		};
		3970650C28BEB47800F9E6C9 /* Release */ = {
			isa = XCBuildConfiguration;
			buildSettings = {
				ALWAYS_EMBED_SWIFT_STANDARD_LIBRARIES = YES;
				ASSETCATALOG_COMPILER_APPICON_NAME = AppIcon;
				ASSETCATALOG_COMPILER_GLOBAL_ACCENT_COLOR_NAME = AccentColor;
				CODE_SIGN_ENTITLEMENTS = "macOS (App)/Browser Extension Explorer.entitlements";
				CODE_SIGN_STYLE = Automatic;
				CURRENT_PROJECT_VERSION = 1;
				DEVELOPMENT_TEAM = 6XVQ4SJL69;
				ENABLE_HARDENED_RUNTIME = YES;
				GENERATE_INFOPLIST_FILE = YES;
				INFOPLIST_FILE = "macOS (App)/Info.plist";
				INFOPLIST_KEY_CFBundleDisplayName = "Browser Extension Explorer";
				INFOPLIST_KEY_NSMainStoryboardFile = Main;
				INFOPLIST_KEY_NSPrincipalClass = NSApplication;
				LD_RUNPATH_SEARCH_PATHS = (
					"$(inherited)",
					"@executable_path/../Frameworks",
				);
				MACOSX_DEPLOYMENT_TARGET = 10.14;
				MARKETING_VERSION = 1.0;
				OTHER_LDFLAGS = (
					"-framework",
					SafariServices,
					"-framework",
					WebKit,
				);
				PRODUCT_BUNDLE_IDENTIFIER = "com.mattFrisbie.Browser-Extension-Explorer";
				PRODUCT_NAME = "Browser Extension Explorer";
				SDKROOT = macosx;
				SWIFT_EMIT_LOC_STRINGS = YES;
				SWIFT_VERSION = 5.0;
			};
			name = Release;
		};
/* End XCBuildConfiguration section */

/* Begin XCConfigurationList section */
		397064AF28BEB47700F9E6C9 /* Build configuration list for PBXProject "Browser Extension Explorer" */ = {
			isa = XCConfigurationList;
			buildConfigurations = (
				397064FD28BEB47800F9E6C9 /* Debug */,
				397064FE28BEB47800F9E6C9 /* Release */,
			);
			defaultConfigurationIsVisible = 0;
			defaultConfigurationName = Release;
		};
		397064FF28BEB47800F9E6C9 /* Build configuration list for PBXNativeTarget "Browser Extension Explorer Extension (iOS)" */ = {
			isa = XCConfigurationList;
			buildConfigurations = (
				3970650028BEB47800F9E6C9 /* Debug */,
				3970650128BEB47800F9E6C9 /* Release */,
			);
			defaultConfigurationIsVisible = 0;
			defaultConfigurationName = Release;
		};
		3970650328BEB47800F9E6C9 /* Build configuration list for PBXNativeTarget "Browser Extension Explorer (iOS)" */ = {
			isa = XCConfigurationList;
			buildConfigurations = (
				3970650428BEB47800F9E6C9 /* Debug */,
				3970650528BEB47800F9E6C9 /* Release */,
			);
			defaultConfigurationIsVisible = 0;
			defaultConfigurationName = Release;
		};
		3970650628BEB47800F9E6C9 /* Build configuration list for PBXNativeTarget "Browser Extension Explorer Extension (macOS)" */ = {
			isa = XCConfigurationList;
			buildConfigurations = (
				3970650728BEB47800F9E6C9 /* Debug */,
				3970650828BEB47800F9E6C9 /* Release */,
			);
			defaultConfigurationIsVisible = 0;
			defaultConfigurationName = Release;
		};
		3970650A28BEB47800F9E6C9 /* Build configuration list for PBXNativeTarget "Browser Extension Explorer (macOS)" */ = {
			isa = XCConfigurationList;
			buildConfigurations = (
				3970650B28BEB47800F9E6C9 /* Debug */,
				3970650C28BEB47800F9E6C9 /* Release */,
			);
			defaultConfigurationIsVisible = 0;
			defaultConfigurationName = Release;
		};
/* End XCConfigurationList section */
	};
	rootObject = 397064AC28BEB47700F9E6C9 /* Project object */;
}
