// !$*UTF8*$!
{
	archiveVersion = 1;
	classes = {
	};
	objectVersion = 55;
	objects = {

/* Begin PBXBuildFile section */
		39ECBF6C28BC60E000652C3D /* AppDelegate.swift in Sources */ = {isa = PBXBuildFile; fileRef = 39ECBF6B28BC60E000652C3D /* AppDelegate.swift */; };
		39ECBF6F28BC60E000652C3D /* Main.storyboard in Resources */ = {isa = PBXBuildFile; fileRef = 39ECBF6D28BC60E000652C3D /* Main.storyboard */; };
		39ECBF8128BC60E000652C3D /* Browser Extension Explorer Extension.appex in Embed App Extensions */ = {isa = PBXBuildFile; fileRef = 39ECBF8028BC60E000652C3D /* Browser Extension Explorer Extension.appex */; settings = {ATTRIBUTES = (RemoveHeadersOnCopy, ); }; };
		39ECBF8828BC60E000652C3D /* Main.html in Resources */ = {isa = PBXBuildFile; fileRef = 39ECBF4A28BC60DF00652C3D /* Main.html */; };
		39ECBF8A28BC60E000652C3D /* Icon.png in Resources */ = {isa = PBXBuildFile; fileRef = 39ECBF4C28BC60DF00652C3D /* Icon.png */; };
		39ECBF8C28BC60E000652C3D /* Style.css in Resources */ = {isa = PBXBuildFile; fileRef = 39ECBF4D28BC60DF00652C3D /* Style.css */; };
		39ECBF8E28BC60E000652C3D /* Script.js in Resources */ = {isa = PBXBuildFile; fileRef = 39ECBF4E28BC60DF00652C3D /* Script.js */; };
		39ECBF9028BC60E000652C3D /* ViewController.swift in Sources */ = {isa = PBXBuildFile; fileRef = 39ECBF4F28BC60DF00652C3D /* ViewController.swift */; };
		39ECBF9228BC60E000652C3D /* Assets.xcassets in Resources */ = {isa = PBXBuildFile; fileRef = 39ECBF5028BC60E000652C3D /* Assets.xcassets */; };
		39ECBF9428BC60E000652C3D /* SafariWebExtensionHandler.swift in Sources */ = {isa = PBXBuildFile; fileRef = 39ECBF5228BC60E000652C3D /* SafariWebExtensionHandler.swift */; };
		39ECBFB928BC60E000652C3D /* releases in Resources */ = {isa = PBXBuildFile; fileRef = 39ECBFA728BC60E000652C3D /* releases */; };
		39ECBFBA28BC60E000652C3D /* LICENSE in Resources */ = {isa = PBXBuildFile; fileRef = 39ECBFA828BC60E000652C3D /* LICENSE */; };
		39ECBFBB28BC60E000652C3D /* background.js in Resources */ = {isa = PBXBuildFile; fileRef = 39ECBFA928BC60E000652C3D /* background.js */; };
		39ECBFBC28BC60E000652C3D /* mvx in Resources */ = {isa = PBXBuildFile; fileRef = 39ECBFAA28BC60E000652C3D /* mvx */; };
		39ECBFBD28BC60E000652C3D /* generate-component.sh in Resources */ = {isa = PBXBuildFile; fileRef = 39ECBFAB28BC60E000652C3D /* generate-component.sh */; };
		39ECBFBE28BC60E000652C3D /* _metadata in Resources */ = {isa = PBXBuildFile; fileRef = 39ECBFAC28BC60E000652C3D /* _metadata */; };
		39ECBFBF28BC60E000652C3D /* README.md in Resources */ = {isa = PBXBuildFile; fileRef = 39ECBFAD28BC60E000652C3D /* README.md */; };
		39ECBFC028BC60E000652C3D /* styles in Resources */ = {isa = PBXBuildFile; fileRef = 39ECBFAE28BC60E000652C3D /* styles */; };
		39ECBFC128BC60E000652C3D /* generate-mvx.sh in Resources */ = {isa = PBXBuildFile; fileRef = 39ECBFAF28BC60E000652C3D /* generate-mvx.sh */; };
		39ECBFC228BC60E000652C3D /* components in Resources */ = {isa = PBXBuildFile; fileRef = 39ECBFB028BC60E000652C3D /* components */; };
		39ECBFC328BC60E000652C3D /* icons in Resources */ = {isa = PBXBuildFile; fileRef = 39ECBFB128BC60E000652C3D /* icons */; };
		39ECBFC428BC60E000652C3D /* scripts in Resources */ = {isa = PBXBuildFile; fileRef = 39ECBFB228BC60E000652C3D /* scripts */; };
		39ECBFC528BC60E000652C3D /* manifest.json in Resources */ = {isa = PBXBuildFile; fileRef = 39ECBFB328BC60E000652C3D /* manifest.json */; };
		39ECBFC628BC60E000652C3D /* _locales in Resources */ = {isa = PBXBuildFile; fileRef = 39ECBFB428BC60E000652C3D /* _locales */; };
		39ECBFC728BC60E000652C3D /* rulesets in Resources */ = {isa = PBXBuildFile; fileRef = 39ECBFB528BC60E000652C3D /* rulesets */; };
		39ECBFC828BC60E000652C3D /* pages.js in Resources */ = {isa = PBXBuildFile; fileRef = 39ECBFB628BC60E000652C3D /* pages.js */; };
		39ECBFC928BC60E000652C3D /* build-release.sh in Resources */ = {isa = PBXBuildFile; fileRef = 39ECBFB728BC60E000652C3D /* build-release.sh */; };
/* End PBXBuildFile section */

/* Begin PBXContainerItemProxy section */
		39ECBF8228BC60E000652C3D /* PBXContainerItemProxy */ = {
			isa = PBXContainerItemProxy;
			containerPortal = 39ECBF4428BC60DF00652C3D /* Project object */;
			proxyType = 1;
			remoteGlobalIDString = 39ECBF7F28BC60E000652C3D;
			remoteInfo = "Browser Extension Explorer Extension (macOS)";
		};
/* End PBXContainerItemProxy section */

/* Begin PBXCopyFilesBuildPhase section */
		39ECBFA128BC60E000652C3D /* Embed App Extensions */ = {
			isa = PBXCopyFilesBuildPhase;
			buildActionMask = 2147483647;
			dstPath = "";
			dstSubfolderSpec = 13;
			files = (
				39ECBF8128BC60E000652C3D /* Browser Extension Explorer Extension.appex in Embed App Extensions */,
			);
			name = "Embed App Extensions";
			runOnlyForDeploymentPostprocessing = 0;
		};
/* End PBXCopyFilesBuildPhase section */

/* Begin PBXFileReference section */
		39ECBF4B28BC60DF00652C3D /* Base */ = {isa = PBXFileReference; lastKnownFileType = text.html; name = Base; path = ../Base.lproj/Main.html; sourceTree = "<group>"; };
		39ECBF4C28BC60DF00652C3D /* Icon.png */ = {isa = PBXFileReference; lastKnownFileType = image.png; path = Icon.png; sourceTree = "<group>"; };
		39ECBF4D28BC60DF00652C3D /* Style.css */ = {isa = PBXFileReference; lastKnownFileType = text.css; path = Style.css; sourceTree = "<group>"; };
		39ECBF4E28BC60DF00652C3D /* Script.js */ = {isa = PBXFileReference; lastKnownFileType = sourcecode.javascript; path = Script.js; sourceTree = "<group>"; };
		39ECBF4F28BC60DF00652C3D /* ViewController.swift */ = {isa = PBXFileReference; lastKnownFileType = sourcecode.swift; path = ViewController.swift; sourceTree = "<group>"; };
		39ECBF5028BC60E000652C3D /* Assets.xcassets */ = {isa = PBXFileReference; lastKnownFileType = folder.assetcatalog; path = Assets.xcassets; sourceTree = "<group>"; };
		39ECBF5228BC60E000652C3D /* SafariWebExtensionHandler.swift */ = {isa = PBXFileReference; lastKnownFileType = sourcecode.swift; path = SafariWebExtensionHandler.swift; sourceTree = "<group>"; };
		39ECBF5A28BC60E000652C3D /* AppDelegate.swift */ = {isa = PBXFileReference; lastKnownFileType = sourcecode.swift; path = AppDelegate.swift; sourceTree = "<group>"; };
		39ECBF5C28BC60E000652C3D /* SceneDelegate.swift */ = {isa = PBXFileReference; lastKnownFileType = sourcecode.swift; path = SceneDelegate.swift; sourceTree = "<group>"; };
		39ECBF5F28BC60E000652C3D /* Base */ = {isa = PBXFileReference; lastKnownFileType = file.storyboard; name = Base; path = Base.lproj/LaunchScreen.storyboard; sourceTree = "<group>"; };
		39ECBF6228BC60E000652C3D /* Base */ = {isa = PBXFileReference; lastKnownFileType = file.storyboard; name = Base; path = Base.lproj/Main.storyboard; sourceTree = "<group>"; };
		39ECBF6428BC60E000652C3D /* Info.plist */ = {isa = PBXFileReference; lastKnownFileType = text.plist.xml; path = Info.plist; sourceTree = "<group>"; };
		39ECBF6928BC60E000652C3D /* Browser Extension Explorer.app */ = {isa = PBXFileReference; explicitFileType = wrapper.application; includeInIndex = 0; path = "Browser Extension Explorer.app"; sourceTree = BUILT_PRODUCTS_DIR; };
		39ECBF6B28BC60E000652C3D /* AppDelegate.swift */ = {isa = PBXFileReference; lastKnownFileType = sourcecode.swift; path = AppDelegate.swift; sourceTree = "<group>"; };
		39ECBF6E28BC60E000652C3D /* Base */ = {isa = PBXFileReference; lastKnownFileType = file.storyboard; name = Base; path = Base.lproj/Main.storyboard; sourceTree = "<group>"; };
		39ECBF7028BC60E000652C3D /* Info.plist */ = {isa = PBXFileReference; lastKnownFileType = text.plist.xml; path = Info.plist; sourceTree = "<group>"; };
		39ECBF7128BC60E000652C3D /* Browser Extension Explorer.entitlements */ = {isa = PBXFileReference; lastKnownFileType = text.plist.entitlements; path = "Browser Extension Explorer.entitlements"; sourceTree = "<group>"; };
		39ECBF7B28BC60E000652C3D /* Info.plist */ = {isa = PBXFileReference; lastKnownFileType = text.plist.xml; path = Info.plist; sourceTree = "<group>"; };
		39ECBF8028BC60E000652C3D /* Browser Extension Explorer Extension.appex */ = {isa = PBXFileReference; explicitFileType = "wrapper.app-extension"; includeInIndex = 0; path = "Browser Extension Explorer Extension.appex"; sourceTree = BUILT_PRODUCTS_DIR; };
		39ECBF8528BC60E000652C3D /* Info.plist */ = {isa = PBXFileReference; lastKnownFileType = text.plist.xml; path = Info.plist; sourceTree = "<group>"; };
		39ECBF8628BC60E000652C3D /* Browser Extension Explorer.entitlements */ = {isa = PBXFileReference; lastKnownFileType = text.plist.entitlements; path = "Browser Extension Explorer.entitlements"; sourceTree = "<group>"; };
		39ECBFA628BC60E000652C3D /* Browser Extension Explorer */ = {isa = PBXFileReference; lastKnownFileType = text; path = "Browser Extension Explorer"; sourceTree = SOURCE_ROOT; };
		39ECBFA728BC60E000652C3D /* releases */ = {isa = PBXFileReference; lastKnownFileType = folder; name = releases; path = ../../releases; sourceTree = "<group>"; };
		39ECBFA828BC60E000652C3D /* LICENSE */ = {isa = PBXFileReference; lastKnownFileType = text; name = LICENSE; path = ../../LICENSE; sourceTree = "<group>"; };
		39ECBFA928BC60E000652C3D /* background.js */ = {isa = PBXFileReference; lastKnownFileType = sourcecode.javascript; name = background.js; path = ../../background.js; sourceTree = "<group>"; };
		39ECBFAA28BC60E000652C3D /* mvx */ = {isa = PBXFileReference; lastKnownFileType = folder; name = mvx; path = ../../mvx; sourceTree = "<group>"; };
		39ECBFAB28BC60E000652C3D /* generate-component.sh */ = {isa = PBXFileReference; lastKnownFileType = text.script.sh; name = "generate-component.sh"; path = "../../generate-component.sh"; sourceTree = "<group>"; };
		39ECBFAC28BC60E000652C3D /* _metadata */ = {isa = PBXFileReference; lastKnownFileType = folder; name = _metadata; path = ../../_metadata; sourceTree = "<group>"; };
		39ECBFAD28BC60E000652C3D /* README.md */ = {isa = PBXFileReference; lastKnownFileType = net.daringfireball.markdown; name = README.md; path = ../../README.md; sourceTree = "<group>"; };
		39ECBFAE28BC60E000652C3D /* styles */ = {isa = PBXFileReference; lastKnownFileType = folder; name = styles; path = ../../styles; sourceTree = "<group>"; };
		39ECBFAF28BC60E000652C3D /* generate-mvx.sh */ = {isa = PBXFileReference; lastKnownFileType = text.script.sh; name = "generate-mvx.sh"; path = "../../generate-mvx.sh"; sourceTree = "<group>"; };
		39ECBFB028BC60E000652C3D /* components */ = {isa = PBXFileReference; lastKnownFileType = folder; name = components; path = ../../components; sourceTree = "<group>"; };
		39ECBFB128BC60E000652C3D /* icons */ = {isa = PBXFileReference; lastKnownFileType = folder; name = icons; path = ../../icons; sourceTree = "<group>"; };
		39ECBFB228BC60E000652C3D /* scripts */ = {isa = PBXFileReference; lastKnownFileType = folder; name = scripts; path = ../../scripts; sourceTree = "<group>"; };
		39ECBFB328BC60E000652C3D /* manifest.json */ = {isa = PBXFileReference; lastKnownFileType = text.json; name = manifest.json; path = ../../manifest.json; sourceTree = "<group>"; };
		39ECBFB428BC60E000652C3D /* _locales */ = {isa = PBXFileReference; lastKnownFileType = folder; name = _locales; path = ../../_locales; sourceTree = "<group>"; };
		39ECBFB528BC60E000652C3D /* rulesets */ = {isa = PBXFileReference; lastKnownFileType = folder; name = rulesets; path = ../../rulesets; sourceTree = "<group>"; };
		39ECBFB628BC60E000652C3D /* pages.js */ = {isa = PBXFileReference; lastKnownFileType = text.json; name = pages.js; path = ../../pages.js; sourceTree = "<group>"; };
		39ECBFB728BC60E000652C3D /* build-release.sh */ = {isa = PBXFileReference; lastKnownFileType = text.script.sh; name = "build-release.sh"; path = "../../build-release.sh"; sourceTree = "<group>"; };
/* End PBXFileReference section */

/* Begin PBXFrameworksBuildPhase section */
		39ECBF6628BC60E000652C3D /* Frameworks */ = {
			isa = PBXFrameworksBuildPhase;
			buildActionMask = 2147483647;
			files = (
			);
			runOnlyForDeploymentPostprocessing = 0;
		};
		39ECBF7D28BC60E000652C3D /* Frameworks */ = {
			isa = PBXFrameworksBuildPhase;
			buildActionMask = 2147483647;
			files = (
			);
			runOnlyForDeploymentPostprocessing = 0;
		};
/* End PBXFrameworksBuildPhase section */

/* Begin PBXGroup section */
		39ECBF4328BC60DF00652C3D = {
			isa = PBXGroup;
			children = (
				39ECBF4828BC60DF00652C3D /* Shared (App) */,
				39ECBF5128BC60E000652C3D /* Shared (Extension) */,
				39ECBF5928BC60E000652C3D /* iOS (App) */,
				39ECBF6A28BC60E000652C3D /* macOS (App) */,
				39ECBF7A28BC60E000652C3D /* iOS (Extension) */,
				39ECBF8428BC60E000652C3D /* macOS (Extension) */,
				39ECBF5828BC60E000652C3D /* Products */,
			);
			sourceTree = "<group>";
		};
		39ECBF4828BC60DF00652C3D /* Shared (App) */ = {
			isa = PBXGroup;
			children = (
				39ECBF4F28BC60DF00652C3D /* ViewController.swift */,
				39ECBF5028BC60E000652C3D /* Assets.xcassets */,
				39ECBF4928BC60DF00652C3D /* Resources */,
			);
			path = "Shared (App)";
			sourceTree = "<group>";
		};
		39ECBF4928BC60DF00652C3D /* Resources */ = {
			isa = PBXGroup;
			children = (
				39ECBF4A28BC60DF00652C3D /* Main.html */,
				39ECBF4C28BC60DF00652C3D /* Icon.png */,
				39ECBF4D28BC60DF00652C3D /* Style.css */,
				39ECBF4E28BC60DF00652C3D /* Script.js */,
			);
			path = Resources;
			sourceTree = "<group>";
		};
		39ECBF5128BC60E000652C3D /* Shared (Extension) */ = {
			isa = PBXGroup;
			children = (
				39ECBFA528BC60E000652C3D /* Resources */,
				39ECBF5228BC60E000652C3D /* SafariWebExtensionHandler.swift */,
			);
			path = "Shared (Extension)";
			sourceTree = "<group>";
		};
		39ECBF5828BC60E000652C3D /* Products */ = {
			isa = PBXGroup;
			children = (
				39ECBF6928BC60E000652C3D /* Browser Extension Explorer.app */,
				39ECBF8028BC60E000652C3D /* Browser Extension Explorer Extension.appex */,
			);
			name = Products;
			sourceTree = "<group>";
		};
		39ECBF5928BC60E000652C3D /* iOS (App) */ = {
			isa = PBXGroup;
			children = (
				39ECBF5A28BC60E000652C3D /* AppDelegate.swift */,
				39ECBF5C28BC60E000652C3D /* SceneDelegate.swift */,
				39ECBF5E28BC60E000652C3D /* LaunchScreen.storyboard */,
				39ECBF6128BC60E000652C3D /* Main.storyboard */,
				39ECBF6428BC60E000652C3D /* Info.plist */,
			);
			path = "iOS (App)";
			sourceTree = "<group>";
		};
		39ECBF6A28BC60E000652C3D /* macOS (App) */ = {
			isa = PBXGroup;
			children = (
				39ECBF6B28BC60E000652C3D /* AppDelegate.swift */,
				39ECBF6D28BC60E000652C3D /* Main.storyboard */,
				39ECBF7028BC60E000652C3D /* Info.plist */,
				39ECBF7128BC60E000652C3D /* Browser Extension Explorer.entitlements */,
			);
			path = "macOS (App)";
			sourceTree = "<group>";
		};
		39ECBF7A28BC60E000652C3D /* iOS (Extension) */ = {
			isa = PBXGroup;
			children = (
				39ECBF7B28BC60E000652C3D /* Info.plist */,
			);
			path = "iOS (Extension)";
			sourceTree = "<group>";
		};
		39ECBF8428BC60E000652C3D /* macOS (Extension) */ = {
			isa = PBXGroup;
			children = (
				39ECBF8528BC60E000652C3D /* Info.plist */,
				39ECBF8628BC60E000652C3D /* Browser Extension Explorer.entitlements */,
			);
			path = "macOS (Extension)";
			sourceTree = "<group>";
		};
		39ECBFA528BC60E000652C3D /* Resources */ = {
			isa = PBXGroup;
			children = (
				39ECBFA628BC60E000652C3D /* Browser Extension Explorer */,
				39ECBFA728BC60E000652C3D /* releases */,
				39ECBFA828BC60E000652C3D /* LICENSE */,
				39ECBFA928BC60E000652C3D /* background.js */,
				39ECBFAA28BC60E000652C3D /* mvx */,
				39ECBFAB28BC60E000652C3D /* generate-component.sh */,
				39ECBFAC28BC60E000652C3D /* _metadata */,
				39ECBFAD28BC60E000652C3D /* README.md */,
				39ECBFAE28BC60E000652C3D /* styles */,
				39ECBFAF28BC60E000652C3D /* generate-mvx.sh */,
				39ECBFB028BC60E000652C3D /* components */,
				39ECBFB128BC60E000652C3D /* icons */,
				39ECBFB228BC60E000652C3D /* scripts */,
				39ECBFB328BC60E000652C3D /* manifest.json */,
				39ECBFB428BC60E000652C3D /* _locales */,
				39ECBFB528BC60E000652C3D /* rulesets */,
				39ECBFB628BC60E000652C3D /* pages.js */,
				39ECBFB728BC60E000652C3D /* build-release.sh */,
			);
			name = Resources;
			path = "Shared (Extension)";
			sourceTree = SOURCE_ROOT;
		};
/* End PBXGroup section */

/* Begin PBXNativeTarget section */
		39ECBF6828BC60E000652C3D /* Browser Extension Explorer (macOS) */ = {
			isa = PBXNativeTarget;
			buildConfigurationList = 39ECBFA228BC60E000652C3D /* Build configuration list for PBXNativeTarget "Browser Extension Explorer (macOS)" */;
			buildPhases = (
				39ECBF6528BC60E000652C3D /* Sources */,
				39ECBF6628BC60E000652C3D /* Frameworks */,
				39ECBF6728BC60E000652C3D /* Resources */,
				39ECBFA128BC60E000652C3D /* Embed App Extensions */,
			);
			buildRules = (
			);
			dependencies = (
				39ECBF8328BC60E000652C3D /* PBXTargetDependency */,
			);
			name = "Browser Extension Explorer (macOS)";
			productName = "Browser Extension Explorer (macOS)";
			productReference = 39ECBF6928BC60E000652C3D /* Browser Extension Explorer.app */;
			productType = "com.apple.product-type.application";
		};
		39ECBF7F28BC60E000652C3D /* Browser Extension Explorer Extension (macOS) */ = {
			isa = PBXNativeTarget;
			buildConfigurationList = 39ECBF9E28BC60E000652C3D /* Build configuration list for PBXNativeTarget "Browser Extension Explorer Extension (macOS)" */;
			buildPhases = (
				39ECBF7C28BC60E000652C3D /* Sources */,
				39ECBF7D28BC60E000652C3D /* Frameworks */,
				39ECBF7E28BC60E000652C3D /* Resources */,
			);
			buildRules = (
			);
			dependencies = (
			);
			name = "Browser Extension Explorer Extension (macOS)";
			productName = "Browser Extension Explorer Extension (macOS)";
			productReference = 39ECBF8028BC60E000652C3D /* Browser Extension Explorer Extension.appex */;
			productType = "com.apple.product-type.app-extension";
		};
/* End PBXNativeTarget section */

/* Begin PBXProject section */
		39ECBF4428BC60DF00652C3D /* Project object */ = {
			isa = PBXProject;
			attributes = {
				BuildIndependentTargetsInParallel = 1;
				LastSwiftUpdateCheck = 1340;
				LastUpgradeCheck = 1340;
				TargetAttributes = {
					39ECBF6828BC60E000652C3D = {
						CreatedOnToolsVersion = 13.4.1;
					};
					39ECBF7F28BC60E000652C3D = {
						CreatedOnToolsVersion = 13.4.1;
					};
				};
			};
			buildConfigurationList = 39ECBF4728BC60DF00652C3D /* Build configuration list for PBXProject "Browser Extension Explorer" */;
			compatibilityVersion = "Xcode 13.0";
			developmentRegion = en;
			hasScannedForEncodings = 0;
			knownRegions = (
				en,
				Base,
			);
			mainGroup = 39ECBF4328BC60DF00652C3D;
			productRefGroup = 39ECBF5828BC60E000652C3D /* Products */;
			projectDirPath = "";
			projectRoot = "";
			targets = (
				39ECBF6828BC60E000652C3D /* Browser Extension Explorer (macOS) */,
				39ECBF7F28BC60E000652C3D /* Browser Extension Explorer Extension (macOS) */,
			);
		};
/* End PBXProject section */

/* Begin PBXResourcesBuildPhase section */
		39ECBF6728BC60E000652C3D /* Resources */ = {
			isa = PBXResourcesBuildPhase;
			buildActionMask = 2147483647;
			files = (
				39ECBF8A28BC60E000652C3D /* Icon.png in Resources */,
				39ECBF8C28BC60E000652C3D /* Style.css in Resources */,
				39ECBF6F28BC60E000652C3D /* Main.storyboard in Resources */,
				39ECBF8E28BC60E000652C3D /* Script.js in Resources */,
				39ECBF9228BC60E000652C3D /* Assets.xcassets in Resources */,
				39ECBF8828BC60E000652C3D /* Main.html in Resources */,
			);
			runOnlyForDeploymentPostprocessing = 0;
		};
		39ECBF7E28BC60E000652C3D /* Resources */ = {
			isa = PBXResourcesBuildPhase;
			buildActionMask = 2147483647;
			files = (
				39ECBFBB28BC60E000652C3D /* background.js in Resources */,
				39ECBFC228BC60E000652C3D /* components in Resources */,
				39ECBFC028BC60E000652C3D /* styles in Resources */,
				39ECBFC628BC60E000652C3D /* _locales in Resources */,
				39ECBFBE28BC60E000652C3D /* _metadata in Resources */,
				39ECBFBA28BC60E000652C3D /* LICENSE in Resources */,
				39ECBFB928BC60E000652C3D /* releases in Resources */,
				39ECBFBC28BC60E000652C3D /* mvx in Resources */,
				39ECBFC828BC60E000652C3D /* pages.js in Resources */,
				39ECBFC528BC60E000652C3D /* manifest.json in Resources */,
				39ECBFC428BC60E000652C3D /* scripts in Resources */,
				39ECBFBF28BC60E000652C3D /* README.md in Resources */,
				39ECBFC928BC60E000652C3D /* build-release.sh in Resources */,
				39ECBFC328BC60E000652C3D /* icons in Resources */,
				39ECBFBD28BC60E000652C3D /* generate-component.sh in Resources */,
				39ECBFC128BC60E000652C3D /* generate-mvx.sh in Resources */,
				39ECBFC728BC60E000652C3D /* rulesets in Resources */,
			);
			runOnlyForDeploymentPostprocessing = 0;
		};
/* End PBXResourcesBuildPhase section */

/* Begin PBXSourcesBuildPhase section */
		39ECBF6528BC60E000652C3D /* Sources */ = {
			isa = PBXSourcesBuildPhase;
			buildActionMask = 2147483647;
			files = (
				39ECBF9028BC60E000652C3D /* ViewController.swift in Sources */,
				39ECBF6C28BC60E000652C3D /* AppDelegate.swift in Sources */,
			);
			runOnlyForDeploymentPostprocessing = 0;
		};
		39ECBF7C28BC60E000652C3D /* Sources */ = {
			isa = PBXSourcesBuildPhase;
			buildActionMask = 2147483647;
			files = (
				39ECBF9428BC60E000652C3D /* SafariWebExtensionHandler.swift in Sources */,
			);
			runOnlyForDeploymentPostprocessing = 0;
		};
/* End PBXSourcesBuildPhase section */

/* Begin PBXTargetDependency section */
		39ECBF8328BC60E000652C3D /* PBXTargetDependency */ = {
			isa = PBXTargetDependency;
			target = 39ECBF7F28BC60E000652C3D /* Browser Extension Explorer Extension (macOS) */;
			targetProxy = 39ECBF8228BC60E000652C3D /* PBXContainerItemProxy */;
		};
/* End PBXTargetDependency section */

/* Begin PBXVariantGroup section */
		39ECBF4A28BC60DF00652C3D /* Main.html */ = {
			isa = PBXVariantGroup;
			children = (
				39ECBF4B28BC60DF00652C3D /* Base */,
			);
			name = Main.html;
			sourceTree = "<group>";
		};
		39ECBF5E28BC60E000652C3D /* LaunchScreen.storyboard */ = {
			isa = PBXVariantGroup;
			children = (
				39ECBF5F28BC60E000652C3D /* Base */,
			);
			name = LaunchScreen.storyboard;
			sourceTree = "<group>";
		};
		39ECBF6128BC60E000652C3D /* Main.storyboard */ = {
			isa = PBXVariantGroup;
			children = (
				39ECBF6228BC60E000652C3D /* Base */,
			);
			name = Main.storyboard;
			sourceTree = "<group>";
		};
		39ECBF6D28BC60E000652C3D /* Main.storyboard */ = {
			isa = PBXVariantGroup;
			children = (
				39ECBF6E28BC60E000652C3D /* Base */,
			);
			name = Main.storyboard;
			sourceTree = "<group>";
		};
/* End PBXVariantGroup section */

/* Begin XCBuildConfiguration section */
		39ECBF9528BC60E000652C3D /* Debug */ = {
			isa = XCBuildConfiguration;
			buildSettings = {
				ALWAYS_SEARCH_USER_PATHS = NO;
				CLANG_ANALYZER_NONNULL = YES;
				CLANG_ANALYZER_NUMBER_OBJECT_CONVERSION = YES_AGGRESSIVE;
				CLANG_CXX_LANGUAGE_STANDARD = "gnu++17";
				CLANG_ENABLE_MODULES = YES;
				CLANG_ENABLE_OBJC_ARC = YES;
				CLANG_ENABLE_OBJC_WEAK = YES;
				CLANG_WARN_BLOCK_CAPTURE_AUTORELEASING = YES;
				CLANG_WARN_BOOL_CONVERSION = YES;
				CLANG_WARN_COMMA = YES;
				CLANG_WARN_CONSTANT_CONVERSION = YES;
				CLANG_WARN_DEPRECATED_OBJC_IMPLEMENTATIONS = YES;
				CLANG_WARN_DIRECT_OBJC_ISA_USAGE = YES_ERROR;
				CLANG_WARN_DOCUMENTATION_COMMENTS = YES;
				CLANG_WARN_EMPTY_BODY = YES;
				CLANG_WARN_ENUM_CONVERSION = YES;
				CLANG_WARN_INFINITE_RECURSION = YES;
				CLANG_WARN_INT_CONVERSION = YES;
				CLANG_WARN_NON_LITERAL_NULL_CONVERSION = YES;
				CLANG_WARN_OBJC_IMPLICIT_RETAIN_SELF = YES;
				CLANG_WARN_OBJC_LITERAL_CONVERSION = YES;
				CLANG_WARN_OBJC_ROOT_CLASS = YES_ERROR;
				CLANG_WARN_QUOTED_INCLUDE_IN_FRAMEWORK_HEADER = YES;
				CLANG_WARN_RANGE_LOOP_ANALYSIS = YES;
				CLANG_WARN_STRICT_PROTOTYPES = YES;
				CLANG_WARN_SUSPICIOUS_MOVE = YES;
				CLANG_WARN_UNGUARDED_AVAILABILITY = YES_AGGRESSIVE;
				CLANG_WARN_UNREACHABLE_CODE = YES;
				CLANG_WARN__DUPLICATE_METHOD_MATCH = YES;
				COPY_PHASE_STRIP = NO;
				DEBUG_INFORMATION_FORMAT = dwarf;
				ENABLE_STRICT_OBJC_MSGSEND = YES;
				ENABLE_TESTABILITY = YES;
				GCC_C_LANGUAGE_STANDARD = gnu11;
				GCC_DYNAMIC_NO_PIC = NO;
				GCC_NO_COMMON_BLOCKS = YES;
				GCC_OPTIMIZATION_LEVEL = 0;
				GCC_PREPROCESSOR_DEFINITIONS = (
					"DEBUG=1",
					"$(inherited)",
				);
				GCC_WARN_64_TO_32_BIT_CONVERSION = YES;
				GCC_WARN_ABOUT_RETURN_TYPE = YES_ERROR;
				GCC_WARN_UNDECLARED_SELECTOR = YES;
				GCC_WARN_UNINITIALIZED_AUTOS = YES_AGGRESSIVE;
				GCC_WARN_UNUSED_FUNCTION = YES;
				GCC_WARN_UNUSED_VARIABLE = YES;
				MTL_ENABLE_DEBUG_INFO = INCLUDE_SOURCE;
				MTL_FAST_MATH = YES;
				ONLY_ACTIVE_ARCH = YES;
				SWIFT_ACTIVE_COMPILATION_CONDITIONS = DEBUG;
				SWIFT_OPTIMIZATION_LEVEL = "-Onone";
			};
			name = Debug;
		};
		39ECBF9628BC60E000652C3D /* Release */ = {
			isa = XCBuildConfiguration;
			buildSettings = {
				ALWAYS_SEARCH_USER_PATHS = NO;
				CLANG_ANALYZER_NONNULL = YES;
				CLANG_ANALYZER_NUMBER_OBJECT_CONVERSION = YES_AGGRESSIVE;
				CLANG_CXX_LANGUAGE_STANDARD = "gnu++17";
				CLANG_ENABLE_MODULES = YES;
				CLANG_ENABLE_OBJC_ARC = YES;
				CLANG_ENABLE_OBJC_WEAK = YES;
				CLANG_WARN_BLOCK_CAPTURE_AUTORELEASING = YES;
				CLANG_WARN_BOOL_CONVERSION = YES;
				CLANG_WARN_COMMA = YES;
				CLANG_WARN_CONSTANT_CONVERSION = YES;
				CLANG_WARN_DEPRECATED_OBJC_IMPLEMENTATIONS = YES;
				CLANG_WARN_DIRECT_OBJC_ISA_USAGE = YES_ERROR;
				CLANG_WARN_DOCUMENTATION_COMMENTS = YES;
				CLANG_WARN_EMPTY_BODY = YES;
				CLANG_WARN_ENUM_CONVERSION = YES;
				CLANG_WARN_INFINITE_RECURSION = YES;
				CLANG_WARN_INT_CONVERSION = YES;
				CLANG_WARN_NON_LITERAL_NULL_CONVERSION = YES;
				CLANG_WARN_OBJC_IMPLICIT_RETAIN_SELF = YES;
				CLANG_WARN_OBJC_LITERAL_CONVERSION = YES;
				CLANG_WARN_OBJC_ROOT_CLASS = YES_ERROR;
				CLANG_WARN_QUOTED_INCLUDE_IN_FRAMEWORK_HEADER = YES;
				CLANG_WARN_RANGE_LOOP_ANALYSIS = YES;
				CLANG_WARN_STRICT_PROTOTYPES = YES;
				CLANG_WARN_SUSPICIOUS_MOVE = YES;
				CLANG_WARN_UNGUARDED_AVAILABILITY = YES_AGGRESSIVE;
				CLANG_WARN_UNREACHABLE_CODE = YES;
				CLANG_WARN__DUPLICATE_METHOD_MATCH = YES;
				COPY_PHASE_STRIP = NO;
				DEBUG_INFORMATION_FORMAT = "dwarf-with-dsym";
				ENABLE_NS_ASSERTIONS = NO;
				ENABLE_STRICT_OBJC_MSGSEND = YES;
				GCC_C_LANGUAGE_STANDARD = gnu11;
				GCC_NO_COMMON_BLOCKS = YES;
				GCC_WARN_64_TO_32_BIT_CONVERSION = YES;
				GCC_WARN_ABOUT_RETURN_TYPE = YES_ERROR;
				GCC_WARN_UNDECLARED_SELECTOR = YES;
				GCC_WARN_UNINITIALIZED_AUTOS = YES_AGGRESSIVE;
				GCC_WARN_UNUSED_FUNCTION = YES;
				GCC_WARN_UNUSED_VARIABLE = YES;
				MTL_ENABLE_DEBUG_INFO = NO;
				MTL_FAST_MATH = YES;
				SWIFT_COMPILATION_MODE = wholemodule;
				SWIFT_OPTIMIZATION_LEVEL = "-O";
			};
			name = Release;
		};
		39ECBF9F28BC60E000652C3D /* Debug */ = {
			isa = XCBuildConfiguration;
			buildSettings = {
				CODE_SIGN_ENTITLEMENTS = "macOS (Extension)/Browser Extension Explorer.entitlements";
				CODE_SIGN_IDENTITY = "Apple Development";
				CODE_SIGN_STYLE = Automatic;
				CURRENT_PROJECT_VERSION = 1;
				DEVELOPMENT_TEAM = 6XVQ4SJL69;
				ENABLE_HARDENED_RUNTIME = YES;
				GENERATE_INFOPLIST_FILE = YES;
				INFOPLIST_FILE = "macOS (Extension)/Info.plist";
				INFOPLIST_KEY_CFBundleDisplayName = "Browser Extension Explorer Extension";
				INFOPLIST_KEY_NSHumanReadableCopyright = "";
				LD_RUNPATH_SEARCH_PATHS = (
					"$(inherited)",
					"@executable_path/../Frameworks",
					"@executable_path/../../../../Frameworks",
				);
				MACOSX_DEPLOYMENT_TARGET = 10.14;
				MARKETING_VERSION = 1.0.6;
				OTHER_LDFLAGS = (
					"-framework",
					SafariServices,
				);
				PRODUCT_BUNDLE_IDENTIFIER = "com.mattFrisbie.Browser-Extension-Explorer.Extension";
				PRODUCT_NAME = "Browser Extension Explorer Extension";
				SDKROOT = macosx;
				SKIP_INSTALL = YES;
				SWIFT_EMIT_LOC_STRINGS = YES;
				SWIFT_VERSION = 5.0;
			};
			name = Debug;
		};
		39ECBFA028BC60E000652C3D /* Release */ = {
			isa = XCBuildConfiguration;
			buildSettings = {
				CODE_SIGN_ENTITLEMENTS = "macOS (Extension)/Browser Extension Explorer.entitlements";
				CODE_SIGN_IDENTITY = "Apple Development";
				CODE_SIGN_STYLE = Automatic;
				CURRENT_PROJECT_VERSION = 1;
				DEVELOPMENT_TEAM = 6XVQ4SJL69;
				ENABLE_HARDENED_RUNTIME = YES;
				GENERATE_INFOPLIST_FILE = YES;
				INFOPLIST_FILE = "macOS (Extension)/Info.plist";
				INFOPLIST_KEY_CFBundleDisplayName = "Browser Extension Explorer Extension";
				INFOPLIST_KEY_NSHumanReadableCopyright = "";
				LD_RUNPATH_SEARCH_PATHS = (
					"$(inherited)",
					"@executable_path/../Frameworks",
					"@executable_path/../../../../Frameworks",
				);
				MACOSX_DEPLOYMENT_TARGET = 10.14;
				MARKETING_VERSION = 1.0.6;
				OTHER_LDFLAGS = (
					"-framework",
					SafariServices,
				);
				PRODUCT_BUNDLE_IDENTIFIER = "com.mattFrisbie.Browser-Extension-Explorer.Extension";
				PRODUCT_NAME = "Browser Extension Explorer Extension";
				SDKROOT = macosx;
				SKIP_INSTALL = YES;
				SWIFT_EMIT_LOC_STRINGS = YES;
				SWIFT_VERSION = 5.0;
			};
			name = Release;
		};
		39ECBFA328BC60E000652C3D /* Debug */ = {
			isa = XCBuildConfiguration;
			buildSettings = {
				ALWAYS_EMBED_SWIFT_STANDARD_LIBRARIES = YES;
				ASSETCATALOG_COMPILER_APPICON_NAME = AppIcon;
				ASSETCATALOG_COMPILER_GLOBAL_ACCENT_COLOR_NAME = AccentColor;
				CODE_SIGN_ENTITLEMENTS = "macOS (App)/Browser Extension Explorer.entitlements";
				CODE_SIGN_IDENTITY = "Apple Development";
				CODE_SIGN_STYLE = Automatic;
				CURRENT_PROJECT_VERSION = 1;
				DEVELOPMENT_TEAM = 6XVQ4SJL69;
				ENABLE_HARDENED_RUNTIME = YES;
				GENERATE_INFOPLIST_FILE = YES;
				INFOPLIST_FILE = "macOS (App)/Info.plist";
				INFOPLIST_KEY_CFBundleDisplayName = "Browser Extension Explorer";
				INFOPLIST_KEY_LSApplicationCategoryType = "public.app-category.developer-tools";
				INFOPLIST_KEY_NSMainStoryboardFile = Main;
				INFOPLIST_KEY_NSPrincipalClass = NSApplication;
				LD_RUNPATH_SEARCH_PATHS = (
					"$(inherited)",
					"@executable_path/../Frameworks",
				);
				MACOSX_DEPLOYMENT_TARGET = 10.14;
				MARKETING_VERSION = 1.0.6;
				OTHER_LDFLAGS = (
					"-framework",
					SafariServices,
					"-framework",
					WebKit,
				);
				PRODUCT_BUNDLE_IDENTIFIER = "com.mattFrisbie.Browser-Extension-Explorer";
				PRODUCT_NAME = "Browser Extension Explorer";
				SDKROOT = macosx;
				SWIFT_EMIT_LOC_STRINGS = YES;
				SWIFT_VERSION = 5.0;
			};
			name = Debug;
		};
		39ECBFA428BC60E000652C3D /* Release */ = {
			isa = XCBuildConfiguration;
			buildSettings = {
				ALWAYS_EMBED_SWIFT_STANDARD_LIBRARIES = YES;
				ASSETCATALOG_COMPILER_APPICON_NAME = AppIcon;
				ASSETCATALOG_COMPILER_GLOBAL_ACCENT_COLOR_NAME = AccentColor;
				CODE_SIGN_ENTITLEMENTS = "macOS (App)/Browser Extension Explorer.entitlements";
				CODE_SIGN_IDENTITY = "Apple Development";
				CODE_SIGN_STYLE = Automatic;
				CURRENT_PROJECT_VERSION = 1;
				DEVELOPMENT_TEAM = 6XVQ4SJL69;
				ENABLE_HARDENED_RUNTIME = YES;
				GENERATE_INFOPLIST_FILE = YES;
				INFOPLIST_FILE = "macOS (App)/Info.plist";
				INFOPLIST_KEY_CFBundleDisplayName = "Browser Extension Explorer";
				INFOPLIST_KEY_LSApplicationCategoryType = "public.app-category.developer-tools";
				INFOPLIST_KEY_NSMainStoryboardFile = Main;
				INFOPLIST_KEY_NSPrincipalClass = NSApplication;
				LD_RUNPATH_SEARCH_PATHS = (
					"$(inherited)",
					"@executable_path/../Frameworks",
				);
				MACOSX_DEPLOYMENT_TARGET = 10.14;
				MARKETING_VERSION = 1.0.6;
				OTHER_LDFLAGS = (
					"-framework",
					SafariServices,
					"-framework",
					WebKit,
				);
				PRODUCT_BUNDLE_IDENTIFIER = "com.mattFrisbie.Browser-Extension-Explorer";
				PRODUCT_NAME = "Browser Extension Explorer";
				SDKROOT = macosx;
				SWIFT_EMIT_LOC_STRINGS = YES;
				SWIFT_VERSION = 5.0;
			};
			name = Release;
		};
/* End XCBuildConfiguration section */

/* Begin XCConfigurationList section */
		39ECBF4728BC60DF00652C3D /* Build configuration list for PBXProject "Browser Extension Explorer" */ = {
			isa = XCConfigurationList;
			buildConfigurations = (
				39ECBF9528BC60E000652C3D /* Debug */,
				39ECBF9628BC60E000652C3D /* Release */,
			);
			defaultConfigurationIsVisible = 0;
			defaultConfigurationName = Release;
		};
		39ECBF9E28BC60E000652C3D /* Build configuration list for PBXNativeTarget "Browser Extension Explorer Extension (macOS)" */ = {
			isa = XCConfigurationList;
			buildConfigurations = (
				39ECBF9F28BC60E000652C3D /* Debug */,
				39ECBFA028BC60E000652C3D /* Release */,
			);
			defaultConfigurationIsVisible = 0;
			defaultConfigurationName = Release;
		};
		39ECBFA228BC60E000652C3D /* Build configuration list for PBXNativeTarget "Browser Extension Explorer (macOS)" */ = {
			isa = XCConfigurationList;
			buildConfigurations = (
				39ECBFA328BC60E000652C3D /* Debug */,
				39ECBFA428BC60E000652C3D /* Release */,
			);
			defaultConfigurationIsVisible = 0;
			defaultConfigurationName = Release;
		};
/* End XCConfigurationList section */
	};
	rootObject = 39ECBF4428BC60DF00652C3D /* Project object */;
}
